
Microsoft Visual Studio Solution File, Format Version 12.00
# Visual Studio Version 17
VisualStudioVersion = 17.0.31903.59
MinimumVisualStudioVersion = 10.0.40219.1
Project("{2150E333-8FDC-42A3-9474-1A3956D46DE8}") = "10-NET48", "10-NET48", "{3A19D838-056C-EB83-F071-01C53442749E}"
EndProject
Project("{FAE04EC0-301F-11D3-BF4B-00C04F79EFBC}") = "PerimeterValidationLab", "10-NET48\PerimeterValidationLab\PerimeterValidationLab.csproj", "{008B459E-B572-4422-AD5B-C0BBB0A96D85}"
EndProject
Project("{2150E333-8FDC-42A3-9474-1A3956D46DE8}") = "00-NET48", "00-NET48", "{91AE4E6A-9593-0FF2-94DD-2DA2B118E83C}"
EndProject
Project("{FAE04EC0-301F-11D3-BF4B-00C04F79EFBC}") = "SecurityFoundationsLab", "00-NET48\SecurityFoundationsLab\SecurityFoundationsLab.csproj", "{6CF3E9BE-10AC-43C1-959A-F670392F05D2}"
EndProject
Project("{2150E333-8FDC-42A3-9474-1A3956D46DE8}") = "04-NET48", "04-NET48", "{3D61FCAC-27E4-9D8C-A48D-98A1BBAD0B97}"
EndProject
Project("{FAE04EC0-301F-11D3-BF4B-00C04F79EFBC}") = "AppSecWorkshop04", "04-NET48\AppSecWorkshop04\AppSecWorkshop04.csproj", "{2FD8BE13-A242-43FC-94CB-0A534896DD4E}"
EndProject
Project("{2150E333-8FDC-42A3-9474-1A3956D46DE8}") = "samples", "samples", "{E882B528-7C71-E032-138F-1F1E47503141}"
EndProject
Project("{FAE04EC0-301F-11D3-BF4B-00C04F79EFBC}") = "StackOverflowDemo", "00-NET48\samples\StackOverflowDemo\StackOverflowDemo.csproj", "{7017FC57-65DE-40FD-AAB3-FB43B1E79037}"
EndProject
Project("{2150E333-8FDC-42A3-9474-1A3956D46DE8}") = "01-NET48", "01-NET48", "{AC297A19-EAA9-7948-1CF1-FDA1D001AC5C}"
EndProject
Project("{FAE04EC0-301F-11D3-BF4B-00C04F79EFBC}") = "BasicAuthWorkshop", "01-NET48\BasicAuthWorkshop\BasicAuthWorkshop.csproj", "{2BC626AC-A7DC-46D3-931B-096B72AF034D}"
EndProject
Project("{2150E333-8FDC-42A3-9474-1A3956D46DE8}") = "02-NET48", "02-NET48", "{790E35B9-83EF-0E46-63EC-4B7793BF70D1}"
EndProject
Project("{FAE04EC0-301F-11D3-BF4B-00C04F79EFBC}") = "AppSecWorkshop02", "02-NET48\AppSecWorkshop02\AppSecWorkshop02.csproj", "{28FFD460-759D-4451-A769-7FFEBB94454B}"
EndProject
Project("{2150E333-8FDC-42A3-9474-1A3956D46DE8}") = "05-NET48", "05-NET48", "{F2C8935D-76AB-FE32-B48C-AC562965DB41}"
EndProject
Project("{FAE04EC0-301F-11D3-BF4B-00C04F79EFBC}") = "SecurityValidationLab", "05-NET48\SecurityValidationLab\SecurityValidationLab.csproj", "{34221EE8-36DE-4C62-B7D2-39B1055505CB}"
EndProject
Project("{2150E333-8FDC-42A3-9474-1A3956D46DE8}") = "08-NET48", "08-NET48", "{68D7B250-A3D4-9E6A-F533-F62FBB74DAE8}"
EndProject
Project("{FAE04EC0-301F-11D3-BF4B-00C04F79EFBC}") = "SecurityMonitoringLab", "08-NET48\SecurityMonitoringLab\SecurityMonitoringLab.csproj", "{1932F1D6-5FED-450B-BFFD-6F093A21F0C7}"
EndProject
Project("{2150E333-8FDC-42A3-9474-1A3956D46DE8}") = "03-NET48", "03-NET48", "{5BD5DBD4-D5AE-D36B-9350-8DCC18BD284B}"
EndProject
Project("{FAE04EC0-301F-11D3-BF4B-00C04F79EFBC}") = "AppSecWorkshop03", "03-NET48\AppSecWorkshop03\AppSecWorkshop03.csproj", "{A9A8AD4E-29BC-45DA-9030-9AD7187A8384}"
EndProject
Project("{2150E333-8FDC-42A3-9474-1A3956D46DE8}") = "09-NET48", "09-NET48", "{E8CC38C1-721E-848A-2DD0-87ACC113E742}"
EndProject
Project("{FAE04EC0-301F-11D3-BF4B-00C04F79EFBC}") = "AuthzHardeningLab", "09-NET48\AuthzHardeningLab\AuthzHardeningLab.csproj", "{4A67D3B5-E6E7-467F-A48E-BB57B42F3CCF}"
EndProject
Project("{2150E333-8FDC-42A3-9474-1A3956D46DE8}") = "07-NET48", "07-NET48", "{5A787E1A-448B-1EEC-07AE-73DCCA4904E7}"
EndProject
Project("{FAE04EC0-301F-11D3-BF4B-00C04F79EFBC}") = "ExposureDefenseLab", "07-NET48\ExposureDefenseLab\ExposureDefenseLab.csproj", "{70696C85-A256-446B-9CA4-BDCB85810446}"
EndProject
Project("{2150E333-8FDC-42A3-9474-1A3956D46DE8}") = "06-NET48", "06-NET48", "{4E93777B-68B9-34FA-7A28-16FB3F4E99A7}"
EndProject
Project("{FAE04EC0-301F-11D3-BF4B-00C04F79EFBC}") = "SupplyChainSecurityLab", "06-NET48\SupplyChainSecurityLab\SupplyChainSecurityLab.csproj", "{A5832A4F-0A59-4F68-B4DF-AA295E96F508}"
EndProject
Global
	GlobalSection(SolutionConfigurationPlatforms) = preSolution
		Debug|Any CPU = Debug|Any CPU
		Debug|x64 = Debug|x64
		Debug|x86 = Debug|x86
		Release|Any CPU = Release|Any CPU
		Release|x64 = Release|x64
		Release|x86 = Release|x86
	EndGlobalSection
	GlobalSection(ProjectConfigurationPlatforms) = postSolution
		{008B459E-B572-4422-AD5B-C0BBB0A96D85}.Debug|Any CPU.ActiveCfg = Debug|Any CPU
		{008B459E-B572-4422-AD5B-C0BBB0A96D85}.Debug|Any CPU.Build.0 = Debug|Any CPU
		{008B459E-B572-4422-AD5B-C0BBB0A96D85}.Debug|x64.ActiveCfg = Debug|Any CPU
		{008B459E-B572-4422-AD5B-C0BBB0A96D85}.Debug|x64.Build.0 = Debug|Any CPU
		{008B459E-B572-4422-AD5B-C0BBB0A96D85}.Debug|x86.ActiveCfg = Debug|Any CPU
		{008B459E-B572-4422-AD5B-C0BBB0A96D85}.Debug|x86.Build.0 = Debug|Any CPU
		{008B459E-B572-4422-AD5B-C0BBB0A96D85}.Release|Any CPU.ActiveCfg = Release|Any CPU
		{008B459E-B572-4422-AD5B-C0BBB0A96D85}.Release|Any CPU.Build.0 = Release|Any CPU
		{008B459E-B572-4422-AD5B-C0BBB0A96D85}.Release|x64.ActiveCfg = Release|Any CPU
		{008B459E-B572-4422-AD5B-C0BBB0A96D85}.Release|x64.Build.0 = Release|Any CPU
		{008B459E-B572-4422-AD5B-C0BBB0A96D85}.Release|x86.ActiveCfg = Release|Any CPU
		{008B459E-B572-4422-AD5B-C0BBB0A96D85}.Release|x86.Build.0 = Release|Any CPU
		{6CF3E9BE-10AC-43C1-959A-F670392F05D2}.Debug|Any CPU.ActiveCfg = Debug|Any CPU
		{6CF3E9BE-10AC-43C1-959A-F670392F05D2}.Debug|Any CPU.Build.0 = Debug|Any CPU
		{6CF3E9BE-10AC-43C1-959A-F670392F05D2}.Debug|x64.ActiveCfg = Debug|Any CPU
		{6CF3E9BE-10AC-43C1-959A-F670392F05D2}.Debug|x64.Build.0 = Debug|Any CPU
		{6CF3E9BE-10AC-43C1-959A-F670392F05D2}.Debug|x86.ActiveCfg = Debug|Any CPU
		{6CF3E9BE-10AC-43C1-959A-F670392F05D2}.Debug|x86.Build.0 = Debug|Any CPU
		{6CF3E9BE-10AC-43C1-959A-F670392F05D2}.Release|Any CPU.ActiveCfg = Release|Any CPU
		{6CF3E9BE-10AC-43C1-959A-F670392F05D2}.Release|Any CPU.Build.0 = Release|Any CPU
		{6CF3E9BE-10AC-43C1-959A-F670392F05D2}.Release|x64.ActiveCfg = Release|Any CPU
		{6CF3E9BE-10AC-43C1-959A-F670392F05D2}.Release|x64.Build.0 = Release|Any CPU
		{6CF3E9BE-10AC-43C1-959A-F670392F05D2}.Release|x86.ActiveCfg = Release|Any CPU
		{6CF3E9BE-10AC-43C1-959A-F670392F05D2}.Release|x86.Build.0 = Release|Any CPU
		{2FD8BE13-A242-43FC-94CB-0A534896DD4E}.Debug|Any CPU.ActiveCfg = Debug|Any CPU
		{2FD8BE13-A242-43FC-94CB-0A534896DD4E}.Debug|Any CPU.Build.0 = Debug|Any CPU
		{2FD8BE13-A242-43FC-94CB-0A534896DD4E}.Debug|x64.ActiveCfg = Debug|Any CPU
		{2FD8BE13-A242-43FC-94CB-0A534896DD4E}.Debug|x64.Build.0 = Debug|Any CPU
		{2FD8BE13-A242-43FC-94CB-0A534896DD4E}.Debug|x86.ActiveCfg = Debug|Any CPU
		{2FD8BE13-A242-43FC-94CB-0A534896DD4E}.Debug|x86.Build.0 = Debug|Any CPU
		{2FD8BE13-A242-43FC-94CB-0A534896DD4E}.Release|Any CPU.ActiveCfg = Release|Any CPU
		{2FD8BE13-A242-43FC-94CB-0A534896DD4E}.Release|Any CPU.Build.0 = Release|Any CPU
		{2FD8BE13-A242-43FC-94CB-0A534896DD4E}.Release|x64.ActiveCfg = Release|Any CPU
		{2FD8BE13-A242-43FC-94CB-0A534896DD4E}.Release|x64.Build.0 = Release|Any CPU
		{2FD8BE13-A242-43FC-94CB-0A534896DD4E}.Release|x86.ActiveCfg = Release|Any CPU
		{2FD8BE13-A242-43FC-94CB-0A534896DD4E}.Release|x86.Build.0 = Release|Any CPU
		{7017FC57-65DE-40FD-AAB3-FB43B1E79037}.Debug|Any CPU.ActiveCfg = Debug|Any CPU
		{7017FC57-65DE-40FD-AAB3-FB43B1E79037}.Debug|Any CPU.Build.0 = Debug|Any CPU
		{7017FC57-65DE-40FD-AAB3-FB43B1E79037}.Debug|x64.ActiveCfg = Debug|Any CPU
		{7017FC57-65DE-40FD-AAB3-FB43B1E79037}.Debug|x64.Build.0 = Debug|Any CPU
		{7017FC57-65DE-40FD-AAB3-FB43B1E79037}.Debug|x86.ActiveCfg = Debug|Any CPU
		{7017FC57-65DE-40FD-AAB3-FB43B1E79037}.Debug|x86.Build.0 = Debug|Any CPU
		{7017FC57-65DE-40FD-AAB3-FB43B1E79037}.Release|Any CPU.ActiveCfg = Release|Any CPU
		{7017FC57-65DE-40FD-AAB3-FB43B1E79037}.Release|Any CPU.Build.0 = Release|Any CPU
		{7017FC57-65DE-40FD-AAB3-FB43B1E79037}.Release|x64.ActiveCfg = Release|Any CPU
		{7017FC57-65DE-40FD-AAB3-FB43B1E79037}.Release|x64.Build.0 = Release|Any CPU
		{7017FC57-65DE-40FD-AAB3-FB43B1E79037}.Release|x86.ActiveCfg = Release|Any CPU
		{7017FC57-65DE-40FD-AAB3-FB43B1E79037}.Release|x86.Build.0 = Release|Any CPU
		{2BC626AC-A7DC-46D3-931B-096B72AF034D}.Debug|Any CPU.ActiveCfg = Debug|Any CPU
		{2BC626AC-A7DC-46D3-931B-096B72AF034D}.Debug|Any CPU.Build.0 = Debug|Any CPU
		{2BC626AC-A7DC-46D3-931B-096B72AF034D}.Debug|x64.ActiveCfg = Debug|Any CPU
		{2BC626AC-A7DC-46D3-931B-096B72AF034D}.Debug|x64.Build.0 = Debug|Any CPU
		{2BC626AC-A7DC-46D3-931B-096B72AF034D}.Debug|x86.ActiveCfg = Debug|Any CPU
		{2BC626AC-A7DC-46D3-931B-096B72AF034D}.Debug|x86.Build.0 = Debug|Any CPU
		{2BC626AC-A7DC-46D3-931B-096B72AF034D}.Release|Any CPU.ActiveCfg = Release|Any CPU
		{2BC626AC-A7DC-46D3-931B-096B72AF034D}.Release|Any CPU.Build.0 = Release|Any CPU
		{2BC626AC-A7DC-46D3-931B-096B72AF034D}.Release|x64.ActiveCfg = Release|Any CPU
		{2BC626AC-A7DC-46D3-931B-096B72AF034D}.Release|x64.Build.0 = Release|Any CPU
		{2BC626AC-A7DC-46D3-931B-096B72AF034D}.Release|x86.ActiveCfg = Release|Any CPU
		{2BC626AC-A7DC-46D3-931B-096B72AF034D}.Release|x86.Build.0 = Release|Any CPU
		{28FFD460-759D-4451-A769-7FFEBB94454B}.Debug|Any CPU.ActiveCfg = Debug|Any CPU
		{28FFD460-759D-4451-A769-7FFEBB94454B}.Debug|Any CPU.Build.0 = Debug|Any CPU
		{28FFD460-759D-4451-A769-7FFEBB94454B}.Debug|x64.ActiveCfg = Debug|Any CPU
		{28FFD460-759D-4451-A769-7FFEBB94454B}.Debug|x64.Build.0 = Debug|Any CPU
		{28FFD460-759D-4451-A769-7FFEBB94454B}.Debug|x86.ActiveCfg = Debug|Any CPU
		{28FFD460-759D-4451-A769-7FFEBB94454B}.Debug|x86.Build.0 = Debug|Any CPU
		{28FFD460-759D-4451-A769-7FFEBB94454B}.Release|Any CPU.ActiveCfg = Release|Any CPU
		{28FFD460-759D-4451-A769-7FFEBB94454B}.Release|Any CPU.Build.0 = Release|Any CPU
		{28FFD460-759D-4451-A769-7FFEBB94454B}.Release|x64.ActiveCfg = Release|Any CPU
		{28FFD460-759D-4451-A769-7FFEBB94454B}.Release|x64.Build.0 = Release|Any CPU
		{28FFD460-759D-4451-A769-7FFEBB94454B}.Release|x86.ActiveCfg = Release|Any CPU
		{28FFD460-759D-4451-A769-7FFEBB94454B}.Release|x86.Build.0 = Release|Any CPU
		{34221EE8-36DE-4C62-B7D2-39B1055505CB}.Debug|Any CPU.ActiveCfg = Debug|Any CPU
		{34221EE8-36DE-4C62-B7D2-39B1055505CB}.Debug|Any CPU.Build.0 = Debug|Any CPU
		{34221EE8-36DE-4C62-B7D2-39B1055505CB}.Debug|x64.ActiveCfg = Debug|Any CPU
		{34221EE8-36DE-4C62-B7D2-39B1055505CB}.Debug|x64.Build.0 = Debug|Any CPU
		{34221EE8-36DE-4C62-B7D2-39B1055505CB}.Debug|x86.ActiveCfg = Debug|Any CPU
		{34221EE8-36DE-4C62-B7D2-39B1055505CB}.Debug|x86.Build.0 = Debug|Any CPU
		{34221EE8-36DE-4C62-B7D2-39B1055505CB}.Release|Any CPU.ActiveCfg = Release|Any CPU
		{34221EE8-36DE-4C62-B7D2-39B1055505CB}.Release|Any CPU.Build.0 = Release|Any CPU
		{34221EE8-36DE-4C62-B7D2-39B1055505CB}.Release|x64.ActiveCfg = Release|Any CPU
		{34221EE8-36DE-4C62-B7D2-39B1055505CB}.Release|x64.Build.0 = Release|Any CPU
		{34221EE8-36DE-4C62-B7D2-39B1055505CB}.Release|x86.ActiveCfg = Release|Any CPU
		{34221EE8-36DE-4C62-B7D2-39B1055505CB}.Release|x86.Build.0 = Release|Any CPU
		{1932F1D6-5FED-450B-BFFD-6F093A21F0C7}.Debug|Any CPU.ActiveCfg = Debug|Any CPU
		{1932F1D6-5FED-450B-BFFD-6F093A21F0C7}.Debug|Any CPU.Build.0 = Debug|Any CPU
		{1932F1D6-5FED-450B-BFFD-6F093A21F0C7}.Debug|x64.ActiveCfg = Debug|Any CPU
		{1932F1D6-5FED-450B-BFFD-6F093A21F0C7}.Debug|x64.Build.0 = Debug|Any CPU
		{1932F1D6-5FED-450B-BFFD-6F093A21F0C7}.Debug|x86.ActiveCfg = Debug|Any CPU
		{1932F1D6-5FED-450B-BFFD-6F093A21F0C7}.Debug|x86.Build.0 = Debug|Any CPU
		{1932F1D6-5FED-450B-BFFD-6F093A21F0C7}.Release|Any CPU.ActiveCfg = Release|Any CPU
		{1932F1D6-5FED-450B-BFFD-6F093A21F0C7}.Release|Any CPU.Build.0 = Release|Any CPU
		{1932F1D6-5FED-450B-BFFD-6F093A21F0C7}.Release|x64.ActiveCfg = Release|Any CPU
		{1932F1D6-5FED-450B-BFFD-6F093A21F0C7}.Release|x64.Build.0 = Release|Any CPU
		{1932F1D6-5FED-450B-BFFD-6F093A21F0C7}.Release|x86.ActiveCfg = Release|Any CPU
		{1932F1D6-5FED-450B-BFFD-6F093A21F0C7}.Release|x86.Build.0 = Release|Any CPU
		{A9A8AD4E-29BC-45DA-9030-9AD7187A8384}.Debug|Any CPU.ActiveCfg = Debug|Any CPU
		{A9A8AD4E-29BC-45DA-9030-9AD7187A8384}.Debug|Any CPU.Build.0 = Debug|Any CPU
		{A9A8AD4E-29BC-45DA-9030-9AD7187A8384}.Debug|x64.ActiveCfg = Debug|Any CPU
		{A9A8AD4E-29BC-45DA-9030-9AD7187A8384}.Debug|x64.Build.0 = Debug|Any CPU
		{A9A8AD4E-29BC-45DA-9030-9AD7187A8384}.Debug|x86.ActiveCfg = Debug|Any CPU
		{A9A8AD4E-29BC-45DA-9030-9AD7187A8384}.Debug|x86.Build.0 = Debug|Any CPU
		{A9A8AD4E-29BC-45DA-9030-9AD7187A8384}.Release|Any CPU.ActiveCfg = Release|Any CPU
		{A9A8AD4E-29BC-45DA-9030-9AD7187A8384}.Release|Any CPU.Build.0 = Release|Any CPU
		{A9A8AD4E-29BC-45DA-9030-9AD7187A8384}.Release|x64.ActiveCfg = Release|Any CPU
		{A9A8AD4E-29BC-45DA-9030-9AD7187A8384}.Release|x64.Build.0 = Release|Any CPU
		{A9A8AD4E-29BC-45DA-9030-9AD7187A8384}.Release|x86.ActiveCfg = Release|Any CPU
		{A9A8AD4E-29BC-45DA-9030-9AD7187A8384}.Release|x86.Build.0 = Release|Any CPU
		{4A67D3B5-E6E7-467F-A48E-BB57B42F3CCF}.Debug|Any CPU.ActiveCfg = Debug|Any CPU
		{4A67D3B5-E6E7-467F-A48E-BB57B42F3CCF}.Debug|Any CPU.Build.0 = Debug|Any CPU
		{4A67D3B5-E6E7-467F-A48E-BB57B42F3CCF}.Debug|x64.ActiveCfg = Debug|Any CPU
		{4A67D3B5-E6E7-467F-A48E-BB57B42F3CCF}.Debug|x64.Build.0 = Debug|Any CPU
		{4A67D3B5-E6E7-467F-A48E-BB57B42F3CCF}.Debug|x86.ActiveCfg = Debug|Any CPU
		{4A67D3B5-E6E7-467F-A48E-BB57B42F3CCF}.Debug|x86.Build.0 = Debug|Any CPU
		{4A67D3B5-E6E7-467F-A48E-BB57B42F3CCF}.Release|Any CPU.ActiveCfg = Release|Any CPU
		{4A67D3B5-E6E7-467F-A48E-BB57B42F3CCF}.Release|Any CPU.Build.0 = Release|Any CPU
		{4A67D3B5-E6E7-467F-A48E-BB57B42F3CCF}.Release|x64.ActiveCfg = Release|Any CPU
		{4A67D3B5-E6E7-467F-A48E-BB57B42F3CCF}.Release|x64.Build.0 = Release|Any CPU
		{4A67D3B5-E6E7-467F-A48E-BB57B42F3CCF}.Release|x86.ActiveCfg = Release|Any CPU
		{4A67D3B5-E6E7-467F-A48E-BB57B42F3CCF}.Release|x86.Build.0 = Release|Any CPU
		{70696C85-A256-446B-9CA4-BDCB85810446}.Debug|Any CPU.ActiveCfg = Debug|Any CPU
		{70696C85-A256-446B-9CA4-BDCB85810446}.Debug|Any CPU.Build.0 = Debug|Any CPU
		{70696C85-A256-446B-9CA4-BDCB85810446}.Debug|x64.ActiveCfg = Debug|Any CPU
		{70696C85-A256-446B-9CA4-BDCB85810446}.Debug|x64.Build.0 = Debug|Any CPU
		{70696C85-A256-446B-9CA4-BDCB85810446}.Debug|x86.ActiveCfg = Debug|Any CPU
		{70696C85-A256-446B-9CA4-BDCB85810446}.Debug|x86.Build.0 = Debug|Any CPU
		{70696C85-A256-446B-9CA4-BDCB85810446}.Release|Any CPU.ActiveCfg = Release|Any CPU
		{70696C85-A256-446B-9CA4-BDCB85810446}.Release|Any CPU.Build.0 = Release|Any CPU
		{70696C85-A256-446B-9CA4-BDCB85810446}.Release|x64.ActiveCfg = Release|Any CPU
		{70696C85-A256-446B-9CA4-BDCB85810446}.Release|x64.Build.0 = Release|Any CPU
		{70696C85-A256-446B-9CA4-BDCB85810446}.Release|x86.ActiveCfg = Release|Any CPU
		{70696C85-A256-446B-9CA4-BDCB85810446}.Release|x86.Build.0 = Release|Any CPU
		{A5832A4F-0A59-4F68-B4DF-AA295E96F508}.Debug|Any CPU.ActiveCfg = Debug|Any CPU
		{A5832A4F-0A59-4F68-B4DF-AA295E96F508}.Debug|Any CPU.Build.0 = Debug|Any CPU
		{A5832A4F-0A59-4F68-B4DF-AA295E96F508}.Debug|x64.ActiveCfg = Debug|Any CPU
		{A5832A4F-0A59-4F68-B4DF-AA295E96F508}.Debug|x64.Build.0 = Debug|Any CPU
		{A5832A4F-0A59-4F68-B4DF-AA295E96F508}.Debug|x86.ActiveCfg = Debug|Any CPU
		{A5832A4F-0A59-4F68-B4DF-AA295E96F508}.Debug|x86.Build.0 = Debug|Any CPU
		{A5832A4F-0A59-4F68-B4DF-AA295E96F508}.Release|Any CPU.ActiveCfg = Release|Any CPU
		{A5832A4F-0A59-4F68-B4DF-AA295E96F508}.Release|Any CPU.Build.0 = Release|Any CPU
		{A5832A4F-0A59-4F68-B4DF-AA295E96F508}.Release|x64.ActiveCfg = Release|Any CPU
		{A5832A4F-0A59-4F68-B4DF-AA295E96F508}.Release|x64.Build.0 = Release|Any CPU
		{A5832A4F-0A59-4F68-B4DF-AA295E96F508}.Release|x86.ActiveCfg = Release|Any CPU
		{A5832A4F-0A59-4F68-B4DF-AA295E96F508}.Release|x86.Build.0 = Release|Any CPU
	EndGlobalSection
	GlobalSection(SolutionProperties) = preSolution
		HideSolutionNode = FALSE
	EndGlobalSection
	GlobalSection(NestedProjects) = preSolution
		{008B459E-B572-4422-AD5B-C0BBB0A96D85} = {3A19D838-056C-EB83-F071-01C53442749E}
		{6CF3E9BE-10AC-43C1-959A-F670392F05D2} = {91AE4E6A-9593-0FF2-94DD-2DA2B118E83C}
		{2FD8BE13-A242-43FC-94CB-0A534896DD4E} = {3D61FCAC-27E4-9D8C-A48D-98A1BBAD0B97}
		{E882B528-7C71-E032-138F-1F1E47503141} = {91AE4E6A-9593-0FF2-94DD-2DA2B118E83C}
		{7017FC57-65DE-40FD-AAB3-FB43B1E79037} = {E882B528-7C71-E032-138F-1F1E47503141}
		{2BC626AC-A7DC-46D3-931B-096B72AF034D} = {AC297A19-EAA9-7948-1CF1-FDA1D001AC5C}
		{28FFD460-759D-4451-A769-7FFEBB94454B} = {790E35B9-83EF-0E46-63EC-4B7793BF70D1}
		{34221EE8-36DE-4C62-B7D2-39B1055505CB} = {F2C8935D-76AB-FE32-B48C-AC562965DB41}
		{1932F1D6-5FED-450B-BFFD-6F093A21F0C7} = {68D7B250-A3D4-9E6A-F533-F62FBB74DAE8}
		{A9A8AD4E-29BC-45DA-9030-9AD7187A8384} = {5BD5DBD4-D5AE-D36B-9350-8DCC18BD284B}
		{4A67D3B5-E6E7-467F-A48E-BB57B42F3CCF} = {E8CC38C1-721E-848A-2DD0-87ACC113E742}
		{70696C85-A256-446B-9CA4-BDCB85810446} = {5A787E1A-448B-1EEC-07AE-73DCCA4904E7}
		{A5832A4F-0A59-4F68-B4DF-AA295E96F508} = {4E93777B-68B9-34FA-7A28-16FB3F4E99A7}
	EndGlobalSection
EndGlobal
