<Solution>
  <Folder Name="/00-NET48/">
    <Project Path="00-NET48/SecurityFoundationsLab/SecurityFoundationsLab.csproj" />
  </Folder>
  <Folder Name="/00-NET48/samples/">
    <Project Path="00-NET48/samples/StackOverflowDemo/StackOverflowDemo.csproj" />
  </Folder>
  <Folder Name="/01-NET48/">
    <Project Path="01-NET48/BasicAuthWorkshop/BasicAuthWorkshop.csproj" />
  </Folder>
  <Folder Name="/02-NET48/">
    <Project Path="02-NET48/AppSecWorkshop02/AppSecWorkshop02.csproj" />
  </Folder>
  <Folder Name="/03-NET48/">
    <Project Path="03-NET48/AppSecWorkshop03/AppSecWorkshop03.csproj" />
  </Folder>
  <Folder Name="/04-NET48/">
    <Project Path="04-NET48/AppSecWorkshop04/AppSecWorkshop04.csproj" />
  </Folder>
  <Folder Name="/05-NET48/">
    <Project Path="05-NET48/SecurityValidationLab/SecurityValidationLab.csproj" />
  </Folder>
  <Folder Name="/06-NET48/">
    <Project Path="06-NET48/SupplyChainSecurityLab/SupplyChainSecurityLab.csproj" />
  </Folder>
  <Folder Name="/07-NET48/">
    <Project Path="07-NET48/ExposureDefenseLab/ExposureDefenseLab.csproj" />
  </Folder>
  <Folder Name="/08-NET48/">
    <Project Path="08-NET48/SecurityMonitoringLab/SecurityMonitoringLab.csproj" />
  </Folder>
  <Folder Name="/09-NET48/">
    <Project Path="09-NET48/AuthzHardeningLab/AuthzHardeningLab.csproj" />
  </Folder>
  <Folder Name="/10-NET48/">
    <Project Path="10-NET48/PerimeterValidationLab/PerimeterValidationLab.csproj" />
  </Folder>
  <Folder Name="/11-NET48/">
    <Project Path="11-NET48/CryptoFoundationLab/CryptoFoundationLab.csproj" />
  </Folder>
</Solution>
