
Microsoft Visual Studio Solution File, Format Version 12.00
# Visual Studio Version 17
VisualStudioVersion = 17.0.31903.59
MinimumVisualStudioVersion = 10.0.40219.1
Project("{2150E333-8FDC-42A3-9474-1A3956D46DE8}") = "05-NET10", "05-NET10", "{EFAE24CE-42CD-208B-55BB-3924FBA74DA6}"
EndProject
Project("{FAE04EC0-301F-11D3-BF4B-00C04F79EFBC}") = "SecurityValidationLab.Tests", "05-NET10\SecurityValidationLab.Tests\SecurityValidationLab.Tests.csproj", "{BE3C8742-7A48-40A4-96B0-B47DF0BD3C04}"
EndProject
Project("{FAE04EC0-301F-11D3-BF4B-00C04F79EFBC}") = "SecurityValidationLab", "05-NET10\SecurityValidationLab\SecurityValidationLab.csproj", "{3629F4C6-3FAA-4CB9-9553-51932DDF8075}"
EndProject
Project("{2150E333-8FDC-42A3-9474-1A3956D46DE8}") = "08-NET10", "08-NET10", "{EC3F3BA8-5B73-0DED-B35B-89DCF549B940}"
EndProject
Project("{FAE04EC0-301F-11D3-BF4B-00C04F79EFBC}") = "SecurityMonitoringLab.Tests", "08-NET10\SecurityMonitoringLab.Tests\SecurityMonitoringLab.Tests.csproj", "{5FCE5364-FB51-46C6-8766-8A2281000F36}"
EndProject
Project("{FAE04EC0-301F-11D3-BF4B-00C04F79EFBC}") = "SecurityMonitoringLab", "08-NET10\SecurityMonitoringLab\SecurityMonitoringLab.csproj", "{C5E15065-44E9-4ABF-8226-AB75038684DF}"
EndProject
Project("{2150E333-8FDC-42A3-9474-1A3956D46DE8}") = "10-NET10", "10-NET10", "{203C6149-CD15-56F9-61E1-2D94FF815A79}"
EndProject
Project("{FAE04EC0-301F-11D3-BF4B-00C04F79EFBC}") = "PerimeterValidationLab.Tests", "10-NET10\PerimeterValidationLab.Tests\PerimeterValidationLab.Tests.csproj", "{1D035468-B2EE-459B-AAB6-5E2CA19974B2}"
EndProject
Project("{FAE04EC0-301F-11D3-BF4B-00C04F79EFBC}") = "PerimeterValidationLab", "10-NET10\PerimeterValidationLab\PerimeterValidationLab.csproj", "{56B3177E-1463-418A-BE6F-6A5A5E3F7F8B}"
EndProject
Project("{2150E333-8FDC-42A3-9474-1A3956D46DE8}") = "06-NET10", "06-NET10", "{FE58667A-27C1-9C75-0DDC-D1A75E166F13}"
EndProject
Project("{FAE04EC0-301F-11D3-BF4B-00C04F79EFBC}") = "SupplyChainSecurityLab.Tests", "06-NET10\SupplyChainSecurityLab.Tests\SupplyChainSecurityLab.Tests.csproj", "{C215397C-335C-4342-800F-BDE62C890A18}"
EndProject
Project("{FAE04EC0-301F-11D3-BF4B-00C04F79EFBC}") = "SupplyChainSecurityLab", "06-NET10\SupplyChainSecurityLab\SupplyChainSecurityLab.csproj", "{C8A99CC1-935F-4AFB-B681-1079E0A0DF20}"
EndProject
Project("{2150E333-8FDC-42A3-9474-1A3956D46DE8}") = "07-NET10", "07-NET10", "{204DEFB5-CF03-418C-CAF9-A14E1CD23A8D}"
EndProject
Project("{FAE04EC0-301F-11D3-BF4B-00C04F79EFBC}") = "ExposureDefenseLab.Tests", "07-NET10\ExposureDefenseLab.Tests\ExposureDefenseLab.Tests.csproj", "{98839B74-FA4A-448A-9E0C-DEB0541CBF92}"
EndProject
Project("{FAE04EC0-301F-11D3-BF4B-00C04F79EFBC}") = "ExposureDefenseLab", "07-NET10\ExposureDefenseLab\ExposureDefenseLab.csproj", "{6DE40EDB-655F-43C2-B1D4-45FDFEE8DBE9}"
EndProject
Project("{2150E333-8FDC-42A3-9474-1A3956D46DE8}") = "00-NET10", "00-NET10", "{C2DF3F4E-CAAB-210F-FBF9-CC6BD24046AD}"
EndProject
Project("{FAE04EC0-301F-11D3-BF4B-00C04F79EFBC}") = "SecurityFoundationsLab", "00-NET10\SecurityFoundationsLab\SecurityFoundationsLab.csproj", "{DF3F627A-4E8B-4F39-87C7-68995B08C77D}"
EndProject
Project("{2150E333-8FDC-42A3-9474-1A3956D46DE8}") = "01-NET10", "01-NET10", "{136C0B82-1120-D1A5-B429-B6643FED723D}"
EndProject
Project("{FAE04EC0-301F-11D3-BF4B-00C04F79EFBC}") = "BasicAuthWorkshop", "01-NET10\BasicAuthWorkshop\BasicAuthWorkshop.csproj", "{7FC4B6BA-B7E4-4BFE-B9F6-8F033D4117E4}"
EndProject
Project("{2150E333-8FDC-42A3-9474-1A3956D46DE8}") = "02-NET10", "02-NET10", "{8D9841D6-C30B-959C-2901-61FF071439FD}"
EndProject
Project("{FAE04EC0-301F-11D3-BF4B-00C04F79EFBC}") = "AppSecWorkshop02", "02-NET10\AppSecWorkshop02\AppSecWorkshop02.csproj", "{1F46ADCA-1E23-4EBF-AB0C-0C631E6D8C9F}"
EndProject
Project("{2150E333-8FDC-42A3-9474-1A3956D46DE8}") = "09-NET10", "09-NET10", "{7A99761C-9389-7335-9B44-4CD9B340401A}"
EndProject
Project("{FAE04EC0-301F-11D3-BF4B-00C04F79EFBC}") = "AuthzHardeningLab.Tests", "09-NET10\AuthzHardeningLab.Tests\AuthzHardeningLab.Tests.csproj", "{4518B816-C438-4081-8877-1F608B0B676A}"
EndProject
Project("{FAE04EC0-301F-11D3-BF4B-00C04F79EFBC}") = "AuthzHardeningLab", "09-NET10\AuthzHardeningLab\AuthzHardeningLab.csproj", "{B6D4A06F-00B1-48D8-88AA-1C458A9FD979}"
EndProject
Project("{2150E333-8FDC-42A3-9474-1A3956D46DE8}") = "samples", "samples", "{8D11F2AE-7B0E-3BB4-0D96-9D54989C10F5}"
EndProject
Project("{FAE04EC0-301F-11D3-BF4B-00C04F79EFBC}") = "StackOverflowDemo", "00-NET10\samples\StackOverflowDemo\StackOverflowDemo.csproj", "{92B38040-9AEC-4E0F-B383-776DD2EC706B}"
EndProject
Project("{2150E333-8FDC-42A3-9474-1A3956D46DE8}") = "04-NET10", "04-NET10", "{0DE8504E-7272-E284-493F-44299CC29E2B}"
EndProject
Project("{FAE04EC0-301F-11D3-BF4B-00C04F79EFBC}") = "AppSecWorkshop04", "04-NET10\AppSecWorkshop04\AppSecWorkshop04.csproj", "{2690EAF0-025A-4381-90BF-5468C142843F}"
EndProject
Project("{2150E333-8FDC-42A3-9474-1A3956D46DE8}") = "03-NET10", "03-NET10", "{EAC494CD-0FE1-CF88-1ED3-D0F1E4035224}"
EndProject
Project("{FAE04EC0-301F-11D3-BF4B-00C04F79EFBC}") = "AppSecWorkshop03", "03-NET10\AppSecWorkshop03\AppSecWorkshop03.csproj", "{E5F9A3A5-73C5-4ABD-92E9-FE2ECBCCE8A1}"
EndProject
Global
	GlobalSection(SolutionConfigurationPlatforms) = preSolution
		Debug|Any CPU = Debug|Any CPU
		Debug|x64 = Debug|x64
		Debug|x86 = Debug|x86
		Release|Any CPU = Release|Any CPU
		Release|x64 = Release|x64
		Release|x86 = Release|x86
	EndGlobalSection
	GlobalSection(ProjectConfigurationPlatforms) = postSolution
		{BE3C8742-7A48-40A4-96B0-B47DF0BD3C04}.Debug|Any CPU.ActiveCfg = Debug|Any CPU
		{BE3C8742-7A48-40A4-96B0-B47DF0BD3C04}.Debug|Any CPU.Build.0 = Debug|Any CPU
		{BE3C8742-7A48-40A4-96B0-B47DF0BD3C04}.Debug|x64.ActiveCfg = Debug|Any CPU
		{BE3C8742-7A48-40A4-96B0-B47DF0BD3C04}.Debug|x64.Build.0 = Debug|Any CPU
		{BE3C8742-7A48-40A4-96B0-B47DF0BD3C04}.Debug|x86.ActiveCfg = Debug|Any CPU
		{BE3C8742-7A48-40A4-96B0-B47DF0BD3C04}.Debug|x86.Build.0 = Debug|Any CPU
		{BE3C8742-7A48-40A4-96B0-B47DF0BD3C04}.Release|Any CPU.ActiveCfg = Release|Any CPU
		{BE3C8742-7A48-40A4-96B0-B47DF0BD3C04}.Release|Any CPU.Build.0 = Release|Any CPU
		{BE3C8742-7A48-40A4-96B0-B47DF0BD3C04}.Release|x64.ActiveCfg = Release|Any CPU
		{BE3C8742-7A48-40A4-96B0-B47DF0BD3C04}.Release|x64.Build.0 = Release|Any CPU
		{BE3C8742-7A48-40A4-96B0-B47DF0BD3C04}.Release|x86.ActiveCfg = Release|Any CPU
		{BE3C8742-7A48-40A4-96B0-B47DF0BD3C04}.Release|x86.Build.0 = Release|Any CPU
		{3629F4C6-3FAA-4CB9-9553-51932DDF8075}.Debug|Any CPU.ActiveCfg = Debug|Any CPU
		{3629F4C6-3FAA-4CB9-9553-51932DDF8075}.Debug|Any CPU.Build.0 = Debug|Any CPU
		{3629F4C6-3FAA-4CB9-9553-51932DDF8075}.Debug|x64.ActiveCfg = Debug|Any CPU
		{3629F4C6-3FAA-4CB9-9553-51932DDF8075}.Debug|x64.Build.0 = Debug|Any CPU
		{3629F4C6-3FAA-4CB9-9553-51932DDF8075}.Debug|x86.ActiveCfg = Debug|Any CPU
		{3629F4C6-3FAA-4CB9-9553-51932DDF8075}.Debug|x86.Build.0 = Debug|Any CPU
		{3629F4C6-3FAA-4CB9-9553-51932DDF8075}.Release|Any CPU.ActiveCfg = Release|Any CPU
		{3629F4C6-3FAA-4CB9-9553-51932DDF8075}.Release|Any CPU.Build.0 = Release|Any CPU
		{3629F4C6-3FAA-4CB9-9553-51932DDF8075}.Release|x64.ActiveCfg = Release|Any CPU
		{3629F4C6-3FAA-4CB9-9553-51932DDF8075}.Release|x64.Build.0 = Release|Any CPU
		{3629F4C6-3FAA-4CB9-9553-51932DDF8075}.Release|x86.ActiveCfg = Release|Any CPU
		{3629F4C6-3FAA-4CB9-9553-51932DDF8075}.Release|x86.Build.0 = Release|Any CPU
		{5FCE5364-FB51-46C6-8766-8A2281000F36}.Debug|Any CPU.ActiveCfg = Debug|Any CPU
		{5FCE5364-FB51-46C6-8766-8A2281000F36}.Debug|Any CPU.Build.0 = Debug|Any CPU
		{5FCE5364-FB51-46C6-8766-8A2281000F36}.Debug|x64.ActiveCfg = Debug|Any CPU
		{5FCE5364-FB51-46C6-8766-8A2281000F36}.Debug|x64.Build.0 = Debug|Any CPU
		{5FCE5364-FB51-46C6-8766-8A2281000F36}.Debug|x86.ActiveCfg = Debug|Any CPU
		{5FCE5364-FB51-46C6-8766-8A2281000F36}.Debug|x86.Build.0 = Debug|Any CPU
		{5FCE5364-FB51-46C6-8766-8A2281000F36}.Release|Any CPU.ActiveCfg = Release|Any CPU
		{5FCE5364-FB51-46C6-8766-8A2281000F36}.Release|Any CPU.Build.0 = Release|Any CPU
		{5FCE5364-FB51-46C6-8766-8A2281000F36}.Release|x64.ActiveCfg = Release|Any CPU
		{5FCE5364-FB51-46C6-8766-8A2281000F36}.Release|x64.Build.0 = Release|Any CPU
		{5FCE5364-FB51-46C6-8766-8A2281000F36}.Release|x86.ActiveCfg = Release|Any CPU
		{5FCE5364-FB51-46C6-8766-8A2281000F36}.Release|x86.Build.0 = Release|Any CPU
		{C5E15065-44E9-4ABF-8226-AB75038684DF}.Debug|Any CPU.ActiveCfg = Debug|Any CPU
		{C5E15065-44E9-4ABF-8226-AB75038684DF}.Debug|Any CPU.Build.0 = Debug|Any CPU
		{C5E15065-44E9-4ABF-8226-AB75038684DF}.Debug|x64.ActiveCfg = Debug|Any CPU
		{C5E15065-44E9-4ABF-8226-AB75038684DF}.Debug|x64.Build.0 = Debug|Any CPU
		{C5E15065-44E9-4ABF-8226-AB75038684DF}.Debug|x86.ActiveCfg = Debug|Any CPU
		{C5E15065-44E9-4ABF-8226-AB75038684DF}.Debug|x86.Build.0 = Debug|Any CPU
		{C5E15065-44E9-4ABF-8226-AB75038684DF}.Release|Any CPU.ActiveCfg = Release|Any CPU
		{C5E15065-44E9-4ABF-8226-AB75038684DF}.Release|Any CPU.Build.0 = Release|Any CPU
		{C5E15065-44E9-4ABF-8226-AB75038684DF}.Release|x64.ActiveCfg = Release|Any CPU
		{C5E15065-44E9-4ABF-8226-AB75038684DF}.Release|x64.Build.0 = Release|Any CPU
		{C5E15065-44E9-4ABF-8226-AB75038684DF}.Release|x86.ActiveCfg = Release|Any CPU
		{C5E15065-44E9-4ABF-8226-AB75038684DF}.Release|x86.Build.0 = Release|Any CPU
		{1D035468-B2EE-459B-AAB6-5E2CA19974B2}.Debug|Any CPU.ActiveCfg = Debug|Any CPU
		{1D035468-B2EE-459B-AAB6-5E2CA19974B2}.Debug|Any CPU.Build.0 = Debug|Any CPU
		{1D035468-B2EE-459B-AAB6-5E2CA19974B2}.Debug|x64.ActiveCfg = Debug|Any CPU
		{1D035468-B2EE-459B-AAB6-5E2CA19974B2}.Debug|x64.Build.0 = Debug|Any CPU
		{1D035468-B2EE-459B-AAB6-5E2CA19974B2}.Debug|x86.ActiveCfg = Debug|Any CPU
		{1D035468-B2EE-459B-AAB6-5E2CA19974B2}.Debug|x86.Build.0 = Debug|Any CPU
		{1D035468-B2EE-459B-AAB6-5E2CA19974B2}.Release|Any CPU.ActiveCfg = Release|Any CPU
		{1D035468-B2EE-459B-AAB6-5E2CA19974B2}.Release|Any CPU.Build.0 = Release|Any CPU
		{1D035468-B2EE-459B-AAB6-5E2CA19974B2}.Release|x64.ActiveCfg = Release|Any CPU
		{1D035468-B2EE-459B-AAB6-5E2CA19974B2}.Release|x64.Build.0 = Release|Any CPU
		{1D035468-B2EE-459B-AAB6-5E2CA19974B2}.Release|x86.ActiveCfg = Release|Any CPU
		{1D035468-B2EE-459B-AAB6-5E2CA19974B2}.Release|x86.Build.0 = Release|Any CPU
		{56B3177E-1463-418A-BE6F-6A5A5E3F7F8B}.Debug|Any CPU.ActiveCfg = Debug|Any CPU
		{56B3177E-1463-418A-BE6F-6A5A5E3F7F8B}.Debug|Any CPU.Build.0 = Debug|Any CPU
		{56B3177E-1463-418A-BE6F-6A5A5E3F7F8B}.Debug|x64.ActiveCfg = Debug|Any CPU
		{56B3177E-1463-418A-BE6F-6A5A5E3F7F8B}.Debug|x64.Build.0 = Debug|Any CPU
		{56B3177E-1463-418A-BE6F-6A5A5E3F7F8B}.Debug|x86.ActiveCfg = Debug|Any CPU
		{56B3177E-1463-418A-BE6F-6A5A5E3F7F8B}.Debug|x86.Build.0 = Debug|Any CPU
		{56B3177E-1463-418A-BE6F-6A5A5E3F7F8B}.Release|Any CPU.ActiveCfg = Release|Any CPU
		{56B3177E-1463-418A-BE6F-6A5A5E3F7F8B}.Release|Any CPU.Build.0 = Release|Any CPU
		{56B3177E-1463-418A-BE6F-6A5A5E3F7F8B}.Release|x64.ActiveCfg = Release|Any CPU
		{56B3177E-1463-418A-BE6F-6A5A5E3F7F8B}.Release|x64.Build.0 = Release|Any CPU
		{56B3177E-1463-418A-BE6F-6A5A5E3F7F8B}.Release|x86.ActiveCfg = Release|Any CPU
		{56B3177E-1463-418A-BE6F-6A5A5E3F7F8B}.Release|x86.Build.0 = Release|Any CPU
		{C215397C-335C-4342-800F-BDE62C890A18}.Debug|Any CPU.ActiveCfg = Debug|Any CPU
		{C215397C-335C-4342-800F-BDE62C890A18}.Debug|Any CPU.Build.0 = Debug|Any CPU
		{C215397C-335C-4342-800F-BDE62C890A18}.Debug|x64.ActiveCfg = Debug|Any CPU
		{C215397C-335C-4342-800F-BDE62C890A18}.Debug|x64.Build.0 = Debug|Any CPU
		{C215397C-335C-4342-800F-BDE62C890A18}.Debug|x86.ActiveCfg = Debug|Any CPU
		{C215397C-335C-4342-800F-BDE62C890A18}.Debug|x86.Build.0 = Debug|Any CPU
		{C215397C-335C-4342-800F-BDE62C890A18}.Release|Any CPU.ActiveCfg = Release|Any CPU
		{C215397C-335C-4342-800F-BDE62C890A18}.Release|Any CPU.Build.0 = Release|Any CPU
		{C215397C-335C-4342-800F-BDE62C890A18}.Release|x64.ActiveCfg = Release|Any CPU
		{C215397C-335C-4342-800F-BDE62C890A18}.Release|x64.Build.0 = Release|Any CPU
		{C215397C-335C-4342-800F-BDE62C890A18}.Release|x86.ActiveCfg = Release|Any CPU
		{C215397C-335C-4342-800F-BDE62C890A18}.Release|x86.Build.0 = Release|Any CPU
		{C8A99CC1-935F-4AFB-B681-1079E0A0DF20}.Debug|Any CPU.ActiveCfg = Debug|Any CPU
		{C8A99CC1-935F-4AFB-B681-1079E0A0DF20}.Debug|Any CPU.Build.0 = Debug|Any CPU
		{C8A99CC1-935F-4AFB-B681-1079E0A0DF20}.Debug|x64.ActiveCfg = Debug|Any CPU
		{C8A99CC1-935F-4AFB-B681-1079E0A0DF20}.Debug|x64.Build.0 = Debug|Any CPU
		{C8A99CC1-935F-4AFB-B681-1079E0A0DF20}.Debug|x86.ActiveCfg = Debug|Any CPU
		{C8A99CC1-935F-4AFB-B681-1079E0A0DF20}.Debug|x86.Build.0 = Debug|Any CPU
		{C8A99CC1-935F-4AFB-B681-1079E0A0DF20}.Release|Any CPU.ActiveCfg = Release|Any CPU
		{C8A99CC1-935F-4AFB-B681-1079E0A0DF20}.Release|Any CPU.Build.0 = Release|Any CPU
		{C8A99CC1-935F-4AFB-B681-1079E0A0DF20}.Release|x64.ActiveCfg = Release|Any CPU
		{C8A99CC1-935F-4AFB-B681-1079E0A0DF20}.Release|x64.Build.0 = Release|Any CPU
		{C8A99CC1-935F-4AFB-B681-1079E0A0DF20}.Release|x86.ActiveCfg = Release|Any CPU
		{C8A99CC1-935F-4AFB-B681-1079E0A0DF20}.Release|x86.Build.0 = Release|Any CPU
		{98839B74-FA4A-448A-9E0C-DEB0541CBF92}.Debug|Any CPU.ActiveCfg = Debug|Any CPU
		{98839B74-FA4A-448A-9E0C-DEB0541CBF92}.Debug|Any CPU.Build.0 = Debug|Any CPU
		{98839B74-FA4A-448A-9E0C-DEB0541CBF92}.Debug|x64.ActiveCfg = Debug|Any CPU
		{98839B74-FA4A-448A-9E0C-DEB0541CBF92}.Debug|x64.Build.0 = Debug|Any CPU
		{98839B74-FA4A-448A-9E0C-DEB0541CBF92}.Debug|x86.ActiveCfg = Debug|Any CPU
		{98839B74-FA4A-448A-9E0C-DEB0541CBF92}.Debug|x86.Build.0 = Debug|Any CPU
		{98839B74-FA4A-448A-9E0C-DEB0541CBF92}.Release|Any CPU.ActiveCfg = Release|Any CPU
		{98839B74-FA4A-448A-9E0C-DEB0541CBF92}.Release|Any CPU.Build.0 = Release|Any CPU
		{98839B74-FA4A-448A-9E0C-DEB0541CBF92}.Release|x64.ActiveCfg = Release|Any CPU
		{98839B74-FA4A-448A-9E0C-DEB0541CBF92}.Release|x64.Build.0 = Release|Any CPU
		{98839B74-FA4A-448A-9E0C-DEB0541CBF92}.Release|x86.ActiveCfg = Release|Any CPU
		{98839B74-FA4A-448A-9E0C-DEB0541CBF92}.Release|x86.Build.0 = Release|Any CPU
		{6DE40EDB-655F-43C2-B1D4-45FDFEE8DBE9}.Debug|Any CPU.ActiveCfg = Debug|Any CPU
		{6DE40EDB-655F-43C2-B1D4-45FDFEE8DBE9}.Debug|Any CPU.Build.0 = Debug|Any CPU
		{6DE40EDB-655F-43C2-B1D4-45FDFEE8DBE9}.Debug|x64.ActiveCfg = Debug|Any CPU
		{6DE40EDB-655F-43C2-B1D4-45FDFEE8DBE9}.Debug|x64.Build.0 = Debug|Any CPU
		{6DE40EDB-655F-43C2-B1D4-45FDFEE8DBE9}.Debug|x86.ActiveCfg = Debug|Any CPU
		{6DE40EDB-655F-43C2-B1D4-45FDFEE8DBE9}.Debug|x86.Build.0 = Debug|Any CPU
		{6DE40EDB-655F-43C2-B1D4-45FDFEE8DBE9}.Release|Any CPU.ActiveCfg = Release|Any CPU
		{6DE40EDB-655F-43C2-B1D4-45FDFEE8DBE9}.Release|Any CPU.Build.0 = Release|Any CPU
		{6DE40EDB-655F-43C2-B1D4-45FDFEE8DBE9}.Release|x64.ActiveCfg = Release|Any CPU
		{6DE40EDB-655F-43C2-B1D4-45FDFEE8DBE9}.Release|x64.Build.0 = Release|Any CPU
		{6DE40EDB-655F-43C2-B1D4-45FDFEE8DBE9}.Release|x86.ActiveCfg = Release|Any CPU
		{6DE40EDB-655F-43C2-B1D4-45FDFEE8DBE9}.Release|x86.Build.0 = Release|Any CPU
		{DF3F627A-4E8B-4F39-87C7-68995B08C77D}.Debug|Any CPU.ActiveCfg = Debug|Any CPU
		{DF3F627A-4E8B-4F39-87C7-68995B08C77D}.Debug|Any CPU.Build.0 = Debug|Any CPU
		{DF3F627A-4E8B-4F39-87C7-68995B08C77D}.Debug|x64.ActiveCfg = Debug|Any CPU
		{DF3F627A-4E8B-4F39-87C7-68995B08C77D}.Debug|x64.Build.0 = Debug|Any CPU
		{DF3F627A-4E8B-4F39-87C7-68995B08C77D}.Debug|x86.ActiveCfg = Debug|Any CPU
		{DF3F627A-4E8B-4F39-87C7-68995B08C77D}.Debug|x86.Build.0 = Debug|Any CPU
		{DF3F627A-4E8B-4F39-87C7-68995B08C77D}.Release|Any CPU.ActiveCfg = Release|Any CPU
		{DF3F627A-4E8B-4F39-87C7-68995B08C77D}.Release|Any CPU.Build.0 = Release|Any CPU
		{DF3F627A-4E8B-4F39-87C7-68995B08C77D}.Release|x64.ActiveCfg = Release|Any CPU
		{DF3F627A-4E8B-4F39-87C7-68995B08C77D}.Release|x64.Build.0 = Release|Any CPU
		{DF3F627A-4E8B-4F39-87C7-68995B08C77D}.Release|x86.ActiveCfg = Release|Any CPU
		{DF3F627A-4E8B-4F39-87C7-68995B08C77D}.Release|x86.Build.0 = Release|Any CPU
		{7FC4B6BA-B7E4-4BFE-B9F6-8F033D4117E4}.Debug|Any CPU.ActiveCfg = Debug|Any CPU
		{7FC4B6BA-B7E4-4BFE-B9F6-8F033D4117E4}.Debug|Any CPU.Build.0 = Debug|Any CPU
		{7FC4B6BA-B7E4-4BFE-B9F6-8F033D4117E4}.Debug|x64.ActiveCfg = Debug|Any CPU
		{7FC4B6BA-B7E4-4BFE-B9F6-8F033D4117E4}.Debug|x64.Build.0 = Debug|Any CPU
		{7FC4B6BA-B7E4-4BFE-B9F6-8F033D4117E4}.Debug|x86.ActiveCfg = Debug|Any CPU
		{7FC4B6BA-B7E4-4BFE-B9F6-8F033D4117E4}.Debug|x86.Build.0 = Debug|Any CPU
		{7FC4B6BA-B7E4-4BFE-B9F6-8F033D4117E4}.Release|Any CPU.ActiveCfg = Release|Any CPU
		{7FC4B6BA-B7E4-4BFE-B9F6-8F033D4117E4}.Release|Any CPU.Build.0 = Release|Any CPU
		{7FC4B6BA-B7E4-4BFE-B9F6-8F033D4117E4}.Release|x64.ActiveCfg = Release|Any CPU
		{7FC4B6BA-B7E4-4BFE-B9F6-8F033D4117E4}.Release|x64.Build.0 = Release|Any CPU
		{7FC4B6BA-B7E4-4BFE-B9F6-8F033D4117E4}.Release|x86.ActiveCfg = Release|Any CPU
		{7FC4B6BA-B7E4-4BFE-B9F6-8F033D4117E4}.Release|x86.Build.0 = Release|Any CPU
		{1F46ADCA-1E23-4EBF-AB0C-0C631E6D8C9F}.Debug|Any CPU.ActiveCfg = Debug|Any CPU
		{1F46ADCA-1E23-4EBF-AB0C-0C631E6D8C9F}.Debug|Any CPU.Build.0 = Debug|Any CPU
		{1F46ADCA-1E23-4EBF-AB0C-0C631E6D8C9F}.Debug|x64.ActiveCfg = Debug|Any CPU
		{1F46ADCA-1E23-4EBF-AB0C-0C631E6D8C9F}.Debug|x64.Build.0 = Debug|Any CPU
		{1F46ADCA-1E23-4EBF-AB0C-0C631E6D8C9F}.Debug|x86.ActiveCfg = Debug|Any CPU
		{1F46ADCA-1E23-4EBF-AB0C-0C631E6D8C9F}.Debug|x86.Build.0 = Debug|Any CPU
		{1F46ADCA-1E23-4EBF-AB0C-0C631E6D8C9F}.Release|Any CPU.ActiveCfg = Release|Any CPU
		{1F46ADCA-1E23-4EBF-AB0C-0C631E6D8C9F}.Release|Any CPU.Build.0 = Release|Any CPU
		{1F46ADCA-1E23-4EBF-AB0C-0C631E6D8C9F}.Release|x64.ActiveCfg = Release|Any CPU
		{1F46ADCA-1E23-4EBF-AB0C-0C631E6D8C9F}.Release|x64.Build.0 = Release|Any CPU
		{1F46ADCA-1E23-4EBF-AB0C-0C631E6D8C9F}.Release|x86.ActiveCfg = Release|Any CPU
		{1F46ADCA-1E23-4EBF-AB0C-0C631E6D8C9F}.Release|x86.Build.0 = Release|Any CPU
		{4518B816-C438-4081-8877-1F608B0B676A}.Debug|Any CPU.ActiveCfg = Debug|Any CPU
		{4518B816-C438-4081-8877-1F608B0B676A}.Debug|Any CPU.Build.0 = Debug|Any CPU
		{4518B816-C438-4081-8877-1F608B0B676A}.Debug|x64.ActiveCfg = Debug|Any CPU
		{4518B816-C438-4081-8877-1F608B0B676A}.Debug|x64.Build.0 = Debug|Any CPU
		{4518B816-C438-4081-8877-1F608B0B676A}.Debug|x86.ActiveCfg = Debug|Any CPU
		{4518B816-C438-4081-8877-1F608B0B676A}.Debug|x86.Build.0 = Debug|Any CPU
		{4518B816-C438-4081-8877-1F608B0B676A}.Release|Any CPU.ActiveCfg = Release|Any CPU
		{4518B816-C438-4081-8877-1F608B0B676A}.Release|Any CPU.Build.0 = Release|Any CPU
		{4518B816-C438-4081-8877-1F608B0B676A}.Release|x64.ActiveCfg = Release|Any CPU
		{4518B816-C438-4081-8877-1F608B0B676A}.Release|x64.Build.0 = Release|Any CPU
		{4518B816-C438-4081-8877-1F608B0B676A}.Release|x86.ActiveCfg = Release|Any CPU
		{4518B816-C438-4081-8877-1F608B0B676A}.Release|x86.Build.0 = Release|Any CPU
		{B6D4A06F-00B1-48D8-88AA-1C458A9FD979}.Debug|Any CPU.ActiveCfg = Debug|Any CPU
		{B6D4A06F-00B1-48D8-88AA-1C458A9FD979}.Debug|Any CPU.Build.0 = Debug|Any CPU
		{B6D4A06F-00B1-48D8-88AA-1C458A9FD979}.Debug|x64.ActiveCfg = Debug|Any CPU
		{B6D4A06F-00B1-48D8-88AA-1C458A9FD979}.Debug|x64.Build.0 = Debug|Any CPU
		{B6D4A06F-00B1-48D8-88AA-1C458A9FD979}.Debug|x86.ActiveCfg = Debug|Any CPU
		{B6D4A06F-00B1-48D8-88AA-1C458A9FD979}.Debug|x86.Build.0 = Debug|Any CPU
		{B6D4A06F-00B1-48D8-88AA-1C458A9FD979}.Release|Any CPU.ActiveCfg = Release|Any CPU
		{B6D4A06F-00B1-48D8-88AA-1C458A9FD979}.Release|Any CPU.Build.0 = Release|Any CPU
		{B6D4A06F-00B1-48D8-88AA-1C458A9FD979}.Release|x64.ActiveCfg = Release|Any CPU
		{B6D4A06F-00B1-48D8-88AA-1C458A9FD979}.Release|x64.Build.0 = Release|Any CPU
		{B6D4A06F-00B1-48D8-88AA-1C458A9FD979}.Release|x86.ActiveCfg = Release|Any CPU
		{B6D4A06F-00B1-48D8-88AA-1C458A9FD979}.Release|x86.Build.0 = Release|Any CPU
		{92B38040-9AEC-4E0F-B383-776DD2EC706B}.Debug|Any CPU.ActiveCfg = Debug|Any CPU
		{92B38040-9AEC-4E0F-B383-776DD2EC706B}.Debug|Any CPU.Build.0 = Debug|Any CPU
		{92B38040-9AEC-4E0F-B383-776DD2EC706B}.Debug|x64.ActiveCfg = Debug|Any CPU
		{92B38040-9AEC-4E0F-B383-776DD2EC706B}.Debug|x64.Build.0 = Debug|Any CPU
		{92B38040-9AEC-4E0F-B383-776DD2EC706B}.Debug|x86.ActiveCfg = Debug|Any CPU
		{92B38040-9AEC-4E0F-B383-776DD2EC706B}.Debug|x86.Build.0 = Debug|Any CPU
		{92B38040-9AEC-4E0F-B383-776DD2EC706B}.Release|Any CPU.ActiveCfg = Release|Any CPU
		{92B38040-9AEC-4E0F-B383-776DD2EC706B}.Release|Any CPU.Build.0 = Release|Any CPU
		{92B38040-9AEC-4E0F-B383-776DD2EC706B}.Release|x64.ActiveCfg = Release|Any CPU
		{92B38040-9AEC-4E0F-B383-776DD2EC706B}.Release|x64.Build.0 = Release|Any CPU
		{92B38040-9AEC-4E0F-B383-776DD2EC706B}.Release|x86.ActiveCfg = Release|Any CPU
		{92B38040-9AEC-4E0F-B383-776DD2EC706B}.Release|x86.Build.0 = Release|Any CPU
		{2690EAF0-025A-4381-90BF-5468C142843F}.Debug|Any CPU.ActiveCfg = Debug|Any CPU
		{2690EAF0-025A-4381-90BF-5468C142843F}.Debug|Any CPU.Build.0 = Debug|Any CPU
		{2690EAF0-025A-4381-90BF-5468C142843F}.Debug|x64.ActiveCfg = Debug|Any CPU
		{2690EAF0-025A-4381-90BF-5468C142843F}.Debug|x64.Build.0 = Debug|Any CPU
		{2690EAF0-025A-4381-90BF-5468C142843F}.Debug|x86.ActiveCfg = Debug|Any CPU
		{2690EAF0-025A-4381-90BF-5468C142843F}.Debug|x86.Build.0 = Debug|Any CPU
		{2690EAF0-025A-4381-90BF-5468C142843F}.Release|Any CPU.ActiveCfg = Release|Any CPU
		{2690EAF0-025A-4381-90BF-5468C142843F}.Release|Any CPU.Build.0 = Release|Any CPU
		{2690EAF0-025A-4381-90BF-5468C142843F}.Release|x64.ActiveCfg = Release|Any CPU
		{2690EAF0-025A-4381-90BF-5468C142843F}.Release|x64.Build.0 = Release|Any CPU
		{2690EAF0-025A-4381-90BF-5468C142843F}.Release|x86.ActiveCfg = Release|Any CPU
		{2690EAF0-025A-4381-90BF-5468C142843F}.Release|x86.Build.0 = Release|Any CPU
		{E5F9A3A5-73C5-4ABD-92E9-FE2ECBCCE8A1}.Debug|Any CPU.ActiveCfg = Debug|Any CPU
		{E5F9A3A5-73C5-4ABD-92E9-FE2ECBCCE8A1}.Debug|Any CPU.Build.0 = Debug|Any CPU
		{E5F9A3A5-73C5-4ABD-92E9-FE2ECBCCE8A1}.Debug|x64.ActiveCfg = Debug|Any CPU
		{E5F9A3A5-73C5-4ABD-92E9-FE2ECBCCE8A1}.Debug|x64.Build.0 = Debug|Any CPU
		{E5F9A3A5-73C5-4ABD-92E9-FE2ECBCCE8A1}.Debug|x86.ActiveCfg = Debug|Any CPU
		{E5F9A3A5-73C5-4ABD-92E9-FE2ECBCCE8A1}.Debug|x86.Build.0 = Debug|Any CPU
		{E5F9A3A5-73C5-4ABD-92E9-FE2ECBCCE8A1}.Release|Any CPU.ActiveCfg = Release|Any CPU
		{E5F9A3A5-73C5-4ABD-92E9-FE2ECBCCE8A1}.Release|Any CPU.Build.0 = Release|Any CPU
		{E5F9A3A5-73C5-4ABD-92E9-FE2ECBCCE8A1}.Release|x64.ActiveCfg = Release|Any CPU
		{E5F9A3A5-73C5-4ABD-92E9-FE2ECBCCE8A1}.Release|x64.Build.0 = Release|Any CPU
		{E5F9A3A5-73C5-4ABD-92E9-FE2ECBCCE8A1}.Release|x86.ActiveCfg = Release|Any CPU
		{E5F9A3A5-73C5-4ABD-92E9-FE2ECBCCE8A1}.Release|x86.Build.0 = Release|Any CPU
	EndGlobalSection
	GlobalSection(SolutionProperties) = preSolution
		HideSolutionNode = FALSE
	EndGlobalSection
	GlobalSection(NestedProjects) = preSolution
		{BE3C8742-7A48-40A4-96B0-B47DF0BD3C04} = {EFAE24CE-42CD-208B-55BB-3924FBA74DA6}
		{3629F4C6-3FAA-4CB9-9553-51932DDF8075} = {EFAE24CE-42CD-208B-55BB-3924FBA74DA6}
		{5FCE5364-FB51-46C6-8766-8A2281000F36} = {EC3F3BA8-5B73-0DED-B35B-89DCF549B940}
		{C5E15065-44E9-4ABF-8226-AB75038684DF} = {EC3F3BA8-5B73-0DED-B35B-89DCF549B940}
		{1D035468-B2EE-459B-AAB6-5E2CA19974B2} = {203C6149-CD15-56F9-61E1-2D94FF815A79}
		{56B3177E-1463-418A-BE6F-6A5A5E3F7F8B} = {203C6149-CD15-56F9-61E1-2D94FF815A79}
		{C215397C-335C-4342-800F-BDE62C890A18} = {FE58667A-27C1-9C75-0DDC-D1A75E166F13}
		{C8A99CC1-935F-4AFB-B681-1079E0A0DF20} = {FE58667A-27C1-9C75-0DDC-D1A75E166F13}
		{98839B74-FA4A-448A-9E0C-DEB0541CBF92} = {204DEFB5-CF03-418C-CAF9-A14E1CD23A8D}
		{6DE40EDB-655F-43C2-B1D4-45FDFEE8DBE9} = {204DEFB5-CF03-418C-CAF9-A14E1CD23A8D}
		{DF3F627A-4E8B-4F39-87C7-68995B08C77D} = {C2DF3F4E-CAAB-210F-FBF9-CC6BD24046AD}
		{7FC4B6BA-B7E4-4BFE-B9F6-8F033D4117E4} = {136C0B82-1120-D1A5-B429-B6643FED723D}
		{1F46ADCA-1E23-4EBF-AB0C-0C631E6D8C9F} = {8D9841D6-C30B-959C-2901-61FF071439FD}
		{4518B816-C438-4081-8877-1F608B0B676A} = {7A99761C-9389-7335-9B44-4CD9B340401A}
		{B6D4A06F-00B1-48D8-88AA-1C458A9FD979} = {7A99761C-9389-7335-9B44-4CD9B340401A}
		{8D11F2AE-7B0E-3BB4-0D96-9D54989C10F5} = {C2DF3F4E-CAAB-210F-FBF9-CC6BD24046AD}
		{92B38040-9AEC-4E0F-B383-776DD2EC706B} = {8D11F2AE-7B0E-3BB4-0D96-9D54989C10F5}
		{2690EAF0-025A-4381-90BF-5468C142843F} = {0DE8504E-7272-E284-493F-44299CC29E2B}
		{E5F9A3A5-73C5-4ABD-92E9-FE2ECBCCE8A1} = {EAC494CD-0FE1-CF88-1ED3-D0F1E4035224}
	EndGlobalSection
EndGlobal
