
Microsoft Visual Studio Solution File, Format Version 12.00
# Visual Studio Version 17
VisualStudioVersion = 17.0.31903.59
MinimumVisualStudioVersion = 10.0.40219.1
Project("{2150E333-8FDC-42A3-9474-1A3956D46DE8}") = "01", "01", "{DF173627-ACA5-12FD-23F9-235B83D7F89A}"
EndProject
Project("{FAE04EC0-301F-11D3-BF4B-00C04F79EFBC}") = "BasicAuthWorkshop", "01\BasicAuthWorkshop\BasicAuthWorkshop.csproj", "{FF8827E1-9ACE-465B-837D-A115E3AEA4E9}"
EndProject
Project("{2150E333-8FDC-42A3-9474-1A3956D46DE8}") = "02", "02", "{90C0C08D-8EBE-550D-E0B5-AEEA9C22D46E}"
EndProject
Project("{FAE04EC0-301F-11D3-BF4B-00C04F79EFBC}") = "AppSecWorkshop02", "02\AppSecWorkshop02\AppSecWorkshop02.csproj", "{8EA0DDA3-CC01-4D54-9DF1-BC482545D583}"
EndProject
Project("{2150E333-8FDC-42A3-9474-1A3956D46DE8}") = "03", "03", "{296032B5-9ABF-E3B8-7628-92A72283A574}"
EndProject
Project("{FAE04EC0-301F-11D3-BF4B-00C04F79EFBC}") = "AppSecWorkshop03", "03\AppSecWorkshop03\AppSecWorkshop03.csproj", "{5E5E6020-47EC-4F74-B346-DB6DA3177FAB}"
EndProject
Project("{2150E333-8FDC-42A3-9474-1A3956D46DE8}") = "04", "04", "{323CD3D6-9173-0722-1A84-D17C70DFCCFA}"
EndProject
Project("{FAE04EC0-301F-11D3-BF4B-00C04F79EFBC}") = "AppSecWorkshop04", "04\AppSecWorkshop04\AppSecWorkshop04.csproj", "{A2D404EC-399D-4DAA-BF45-3403CDDDB35C}"
EndProject
Project("{2150E333-8FDC-42A3-9474-1A3956D46DE8}") = "05", "05", "{8D732E59-9706-F40E-D1C7-3FD034A8AA7D}"
EndProject
Project("{FAE04EC0-301F-11D3-BF4B-00C04F79EFBC}") = "SecurityValidationLab", "05\SecurityValidationLab\SecurityValidationLab.csproj", "{4C552A98-B0AE-472C-AD13-B9B1A13C48C1}"
EndProject
Project("{FAE04EC0-301F-11D3-BF4B-00C04F79EFBC}") = "SecurityValidationLab.Tests", "05\SecurityValidationLab.Tests\SecurityValidationLab.Tests.csproj", "{6BFB9534-5AB7-429B-BD48-478BB269E227}"
EndProject
Project("{2150E333-8FDC-42A3-9474-1A3956D46DE8}") = "06", "06", "{E89A2F7A-0448-E749-C7CF-65632820F9C1}"
EndProject
Project("{FAE04EC0-301F-11D3-BF4B-00C04F79EFBC}") = "SupplyChainSecurityLab", "06\SupplyChainSecurityLab\SupplyChainSecurityLab.csproj", "{639DDBD9-4E65-44D0-BCC4-E39A98358F30}"
EndProject
Project("{FAE04EC0-301F-11D3-BF4B-00C04F79EFBC}") = "SupplyChainSecurityLab.Tests", "06\SupplyChainSecurityLab.Tests\SupplyChainSecurityLab.Tests.csproj", "{CF6EB2CF-4C6E-4ED4-8F7B-CC6CBFF1D5A4}"
EndProject
Project("{2150E333-8FDC-42A3-9474-1A3956D46DE8}") = "07", "07", "{2C9E502E-D04B-3D3D-DCF5-AD1D46DACA15}"
EndProject
Project("{FAE04EC0-301F-11D3-BF4B-00C04F79EFBC}") = "ExposureDefenseLab", "07\ExposureDefenseLab\ExposureDefenseLab.csproj", "{B795C7BF-A34E-45AD-ADB5-627AEB80A0BF}"
EndProject
Project("{FAE04EC0-301F-11D3-BF4B-00C04F79EFBC}") = "ExposureDefenseLab.Tests", "07\ExposureDefenseLab.Tests\ExposureDefenseLab.Tests.csproj", "{30E41A5E-2AA9-4A9A-80F4-D87E0FB46380}"
EndProject
Project("{2150E333-8FDC-42A3-9474-1A3956D46DE8}") = "08", "08", "{D15183F9-8454-3CEF-DAF8-582F5215D342}"
EndProject
Project("{FAE04EC0-301F-11D3-BF4B-00C04F79EFBC}") = "SecurityMonitoringLab", "08\SecurityMonitoringLab\SecurityMonitoringLab.csproj", "{4749C63B-A12A-441C-8BD5-7E72BA300E9C}"
EndProject
Project("{FAE04EC0-301F-11D3-BF4B-00C04F79EFBC}") = "SecurityMonitoringLab.Tests", "08\SecurityMonitoringLab.Tests\SecurityMonitoringLab.Tests.csproj", "{552582C7-1879-45D3-A1DF-914FE55A812D}"
EndProject
Project("{2150E333-8FDC-42A3-9474-1A3956D46DE8}") = "09", "09", "{362B53DA-4DF9-E3E9-0B35-1FDA6110D520}"
EndProject
Project("{FAE04EC0-301F-11D3-BF4B-00C04F79EFBC}") = "AuthzHardeningLab", "09\AuthzHardeningLab\AuthzHardeningLab.csproj", "{E1011EE4-A025-4270-9DAF-21985299C4FC}"
EndProject
Project("{FAE04EC0-301F-11D3-BF4B-00C04F79EFBC}") = "AuthzHardeningLab.Tests", "09\AuthzHardeningLab.Tests\AuthzHardeningLab.Tests.csproj", "{485D2D7E-767C-4625-A006-0782FDCFAC7E}"
EndProject
Project("{2150E333-8FDC-42A3-9474-1A3956D46DE8}") = "10", "10", "{43248F13-1DCA-5F22-26C1-D82CF8A76A70}"
EndProject
Project("{FAE04EC0-301F-11D3-BF4B-00C04F79EFBC}") = "PerimeterValidationLab", "10\PerimeterValidationLab\PerimeterValidationLab.csproj", "{D809E14B-D8EA-4F60-8B44-6C2063C1C3CB}"
EndProject
Project("{FAE04EC0-301F-11D3-BF4B-00C04F79EFBC}") = "PerimeterValidationLab.Tests", "10\PerimeterValidationLab.Tests\PerimeterValidationLab.Tests.csproj", "{E3329057-EE90-43CB-B8DA-3A70C62C884C}"
EndProject
Global
	GlobalSection(SolutionConfigurationPlatforms) = preSolution
		Debug|Any CPU = Debug|Any CPU
		Debug|x64 = Debug|x64
		Debug|x86 = Debug|x86
		Release|Any CPU = Release|Any CPU
		Release|x64 = Release|x64
		Release|x86 = Release|x86
	EndGlobalSection
	GlobalSection(ProjectConfigurationPlatforms) = postSolution
		{FF8827E1-9ACE-465B-837D-A115E3AEA4E9}.Debug|Any CPU.ActiveCfg = Debug|Any CPU
		{FF8827E1-9ACE-465B-837D-A115E3AEA4E9}.Debug|Any CPU.Build.0 = Debug|Any CPU
		{FF8827E1-9ACE-465B-837D-A115E3AEA4E9}.Debug|x64.ActiveCfg = Debug|Any CPU
		{FF8827E1-9ACE-465B-837D-A115E3AEA4E9}.Debug|x64.Build.0 = Debug|Any CPU
		{FF8827E1-9ACE-465B-837D-A115E3AEA4E9}.Debug|x86.ActiveCfg = Debug|Any CPU
		{FF8827E1-9ACE-465B-837D-A115E3AEA4E9}.Debug|x86.Build.0 = Debug|Any CPU
		{FF8827E1-9ACE-465B-837D-A115E3AEA4E9}.Release|Any CPU.ActiveCfg = Release|Any CPU
		{FF8827E1-9ACE-465B-837D-A115E3AEA4E9}.Release|Any CPU.Build.0 = Release|Any CPU
		{FF8827E1-9ACE-465B-837D-A115E3AEA4E9}.Release|x64.ActiveCfg = Release|Any CPU
		{FF8827E1-9ACE-465B-837D-A115E3AEA4E9}.Release|x64.Build.0 = Release|Any CPU
		{FF8827E1-9ACE-465B-837D-A115E3AEA4E9}.Release|x86.ActiveCfg = Release|Any CPU
		{FF8827E1-9ACE-465B-837D-A115E3AEA4E9}.Release|x86.Build.0 = Release|Any CPU
		{8EA0DDA3-CC01-4D54-9DF1-BC482545D583}.Debug|Any CPU.ActiveCfg = Debug|Any CPU
		{8EA0DDA3-CC01-4D54-9DF1-BC482545D583}.Debug|Any CPU.Build.0 = Debug|Any CPU
		{8EA0DDA3-CC01-4D54-9DF1-BC482545D583}.Debug|x64.ActiveCfg = Debug|Any CPU
		{8EA0DDA3-CC01-4D54-9DF1-BC482545D583}.Debug|x64.Build.0 = Debug|Any CPU
		{8EA0DDA3-CC01-4D54-9DF1-BC482545D583}.Debug|x86.ActiveCfg = Debug|Any CPU
		{8EA0DDA3-CC01-4D54-9DF1-BC482545D583}.Debug|x86.Build.0 = Debug|Any CPU
		{8EA0DDA3-CC01-4D54-9DF1-BC482545D583}.Release|Any CPU.ActiveCfg = Release|Any CPU
		{8EA0DDA3-CC01-4D54-9DF1-BC482545D583}.Release|Any CPU.Build.0 = Release|Any CPU
		{8EA0DDA3-CC01-4D54-9DF1-BC482545D583}.Release|x64.ActiveCfg = Release|Any CPU
		{8EA0DDA3-CC01-4D54-9DF1-BC482545D583}.Release|x64.Build.0 = Release|Any CPU
		{8EA0DDA3-CC01-4D54-9DF1-BC482545D583}.Release|x86.ActiveCfg = Release|Any CPU
		{8EA0DDA3-CC01-4D54-9DF1-BC482545D583}.Release|x86.Build.0 = Release|Any CPU
		{5E5E6020-47EC-4F74-B346-DB6DA3177FAB}.Debug|Any CPU.ActiveCfg = Debug|Any CPU
		{5E5E6020-47EC-4F74-B346-DB6DA3177FAB}.Debug|Any CPU.Build.0 = Debug|Any CPU
		{5E5E6020-47EC-4F74-B346-DB6DA3177FAB}.Debug|x64.ActiveCfg = Debug|Any CPU
		{5E5E6020-47EC-4F74-B346-DB6DA3177FAB}.Debug|x64.Build.0 = Debug|Any CPU
		{5E5E6020-47EC-4F74-B346-DB6DA3177FAB}.Debug|x86.ActiveCfg = Debug|Any CPU
		{5E5E6020-47EC-4F74-B346-DB6DA3177FAB}.Debug|x86.Build.0 = Debug|Any CPU
		{5E5E6020-47EC-4F74-B346-DB6DA3177FAB}.Release|Any CPU.ActiveCfg = Release|Any CPU
		{5E5E6020-47EC-4F74-B346-DB6DA3177FAB}.Release|Any CPU.Build.0 = Release|Any CPU
		{5E5E6020-47EC-4F74-B346-DB6DA3177FAB}.Release|x64.ActiveCfg = Release|Any CPU
		{5E5E6020-47EC-4F74-B346-DB6DA3177FAB}.Release|x64.Build.0 = Release|Any CPU
		{5E5E6020-47EC-4F74-B346-DB6DA3177FAB}.Release|x86.ActiveCfg = Release|Any CPU
		{5E5E6020-47EC-4F74-B346-DB6DA3177FAB}.Release|x86.Build.0 = Release|Any CPU
		{A2D404EC-399D-4DAA-BF45-3403CDDDB35C}.Debug|Any CPU.ActiveCfg = Debug|Any CPU
		{A2D404EC-399D-4DAA-BF45-3403CDDDB35C}.Debug|Any CPU.Build.0 = Debug|Any CPU
		{A2D404EC-399D-4DAA-BF45-3403CDDDB35C}.Debug|x64.ActiveCfg = Debug|Any CPU
		{A2D404EC-399D-4DAA-BF45-3403CDDDB35C}.Debug|x64.Build.0 = Debug|Any CPU
		{A2D404EC-399D-4DAA-BF45-3403CDDDB35C}.Debug|x86.ActiveCfg = Debug|Any CPU
		{A2D404EC-399D-4DAA-BF45-3403CDDDB35C}.Debug|x86.Build.0 = Debug|Any CPU
		{A2D404EC-399D-4DAA-BF45-3403CDDDB35C}.Release|Any CPU.ActiveCfg = Release|Any CPU
		{A2D404EC-399D-4DAA-BF45-3403CDDDB35C}.Release|Any CPU.Build.0 = Release|Any CPU
		{A2D404EC-399D-4DAA-BF45-3403CDDDB35C}.Release|x64.ActiveCfg = Release|Any CPU
		{A2D404EC-399D-4DAA-BF45-3403CDDDB35C}.Release|x64.Build.0 = Release|Any CPU
		{A2D404EC-399D-4DAA-BF45-3403CDDDB35C}.Release|x86.ActiveCfg = Release|Any CPU
		{A2D404EC-399D-4DAA-BF45-3403CDDDB35C}.Release|x86.Build.0 = Release|Any CPU
		{4C552A98-B0AE-472C-AD13-B9B1A13C48C1}.Debug|Any CPU.ActiveCfg = Debug|Any CPU
		{4C552A98-B0AE-472C-AD13-B9B1A13C48C1}.Debug|Any CPU.Build.0 = Debug|Any CPU
		{4C552A98-B0AE-472C-AD13-B9B1A13C48C1}.Debug|x64.ActiveCfg = Debug|Any CPU
		{4C552A98-B0AE-472C-AD13-B9B1A13C48C1}.Debug|x64.Build.0 = Debug|Any CPU
		{4C552A98-B0AE-472C-AD13-B9B1A13C48C1}.Debug|x86.ActiveCfg = Debug|Any CPU
		{4C552A98-B0AE-472C-AD13-B9B1A13C48C1}.Debug|x86.Build.0 = Debug|Any CPU
		{4C552A98-B0AE-472C-AD13-B9B1A13C48C1}.Release|Any CPU.ActiveCfg = Release|Any CPU
		{4C552A98-B0AE-472C-AD13-B9B1A13C48C1}.Release|Any CPU.Build.0 = Release|Any CPU
		{4C552A98-B0AE-472C-AD13-B9B1A13C48C1}.Release|x64.ActiveCfg = Release|Any CPU
		{4C552A98-B0AE-472C-AD13-B9B1A13C48C1}.Release|x64.Build.0 = Release|Any CPU
		{4C552A98-B0AE-472C-AD13-B9B1A13C48C1}.Release|x86.ActiveCfg = Release|Any CPU
		{4C552A98-B0AE-472C-AD13-B9B1A13C48C1}.Release|x86.Build.0 = Release|Any CPU
		{6BFB9534-5AB7-429B-BD48-478BB269E227}.Debug|Any CPU.ActiveCfg = Debug|Any CPU
		{6BFB9534-5AB7-429B-BD48-478BB269E227}.Debug|Any CPU.Build.0 = Debug|Any CPU
		{6BFB9534-5AB7-429B-BD48-478BB269E227}.Debug|x64.ActiveCfg = Debug|Any CPU
		{6BFB9534-5AB7-429B-BD48-478BB269E227}.Debug|x64.Build.0 = Debug|Any CPU
		{6BFB9534-5AB7-429B-BD48-478BB269E227}.Debug|x86.ActiveCfg = Debug|Any CPU
		{6BFB9534-5AB7-429B-BD48-478BB269E227}.Debug|x86.Build.0 = Debug|Any CPU
		{6BFB9534-5AB7-429B-BD48-478BB269E227}.Release|Any CPU.ActiveCfg = Release|Any CPU
		{6BFB9534-5AB7-429B-BD48-478BB269E227}.Release|Any CPU.Build.0 = Release|Any CPU
		{6BFB9534-5AB7-429B-BD48-478BB269E227}.Release|x64.ActiveCfg = Release|Any CPU
		{6BFB9534-5AB7-429B-BD48-478BB269E227}.Release|x64.Build.0 = Release|Any CPU
		{6BFB9534-5AB7-429B-BD48-478BB269E227}.Release|x86.ActiveCfg = Release|Any CPU
		{6BFB9534-5AB7-429B-BD48-478BB269E227}.Release|x86.Build.0 = Release|Any CPU
		{639DDBD9-4E65-44D0-BCC4-E39A98358F30}.Debug|Any CPU.ActiveCfg = Debug|Any CPU
		{639DDBD9-4E65-44D0-BCC4-E39A98358F30}.Debug|Any CPU.Build.0 = Debug|Any CPU
		{639DDBD9-4E65-44D0-BCC4-E39A98358F30}.Debug|x64.ActiveCfg = Debug|Any CPU
		{639DDBD9-4E65-44D0-BCC4-E39A98358F30}.Debug|x64.Build.0 = Debug|Any CPU
		{639DDBD9-4E65-44D0-BCC4-E39A98358F30}.Debug|x86.ActiveCfg = Debug|Any CPU
		{639DDBD9-4E65-44D0-BCC4-E39A98358F30}.Debug|x86.Build.0 = Debug|Any CPU
		{639DDBD9-4E65-44D0-BCC4-E39A98358F30}.Release|Any CPU.ActiveCfg = Release|Any CPU
		{639DDBD9-4E65-44D0-BCC4-E39A98358F30}.Release|Any CPU.Build.0 = Release|Any CPU
		{639DDBD9-4E65-44D0-BCC4-E39A98358F30}.Release|x64.ActiveCfg = Release|Any CPU
		{639DDBD9-4E65-44D0-BCC4-E39A98358F30}.Release|x64.Build.0 = Release|Any CPU
		{639DDBD9-4E65-44D0-BCC4-E39A98358F30}.Release|x86.ActiveCfg = Release|Any CPU
		{639DDBD9-4E65-44D0-BCC4-E39A98358F30}.Release|x86.Build.0 = Release|Any CPU
		{CF6EB2CF-4C6E-4ED4-8F7B-CC6CBFF1D5A4}.Debug|Any CPU.ActiveCfg = Debug|Any CPU
		{CF6EB2CF-4C6E-4ED4-8F7B-CC6CBFF1D5A4}.Debug|Any CPU.Build.0 = Debug|Any CPU
		{CF6EB2CF-4C6E-4ED4-8F7B-CC6CBFF1D5A4}.Debug|x64.ActiveCfg = Debug|Any CPU
		{CF6EB2CF-4C6E-4ED4-8F7B-CC6CBFF1D5A4}.Debug|x64.Build.0 = Debug|Any CPU
		{CF6EB2CF-4C6E-4ED4-8F7B-CC6CBFF1D5A4}.Debug|x86.ActiveCfg = Debug|Any CPU
		{CF6EB2CF-4C6E-4ED4-8F7B-CC6CBFF1D5A4}.Debug|x86.Build.0 = Debug|Any CPU
		{CF6EB2CF-4C6E-4ED4-8F7B-CC6CBFF1D5A4}.Release|Any CPU.ActiveCfg = Release|Any CPU
		{CF6EB2CF-4C6E-4ED4-8F7B-CC6CBFF1D5A4}.Release|Any CPU.Build.0 = Release|Any CPU
		{CF6EB2CF-4C6E-4ED4-8F7B-CC6CBFF1D5A4}.Release|x64.ActiveCfg = Release|Any CPU
		{CF6EB2CF-4C6E-4ED4-8F7B-CC6CBFF1D5A4}.Release|x64.Build.0 = Release|Any CPU
		{CF6EB2CF-4C6E-4ED4-8F7B-CC6CBFF1D5A4}.Release|x86.ActiveCfg = Release|Any CPU
		{CF6EB2CF-4C6E-4ED4-8F7B-CC6CBFF1D5A4}.Release|x86.Build.0 = Release|Any CPU
		{B795C7BF-A34E-45AD-ADB5-627AEB80A0BF}.Debug|Any CPU.ActiveCfg = Debug|Any CPU
		{B795C7BF-A34E-45AD-ADB5-627AEB80A0BF}.Debug|Any CPU.Build.0 = Debug|Any CPU
		{B795C7BF-A34E-45AD-ADB5-627AEB80A0BF}.Debug|x64.ActiveCfg = Debug|Any CPU
		{B795C7BF-A34E-45AD-ADB5-627AEB80A0BF}.Debug|x64.Build.0 = Debug|Any CPU
		{B795C7BF-A34E-45AD-ADB5-627AEB80A0BF}.Debug|x86.ActiveCfg = Debug|Any CPU
		{B795C7BF-A34E-45AD-ADB5-627AEB80A0BF}.Debug|x86.Build.0 = Debug|Any CPU
		{B795C7BF-A34E-45AD-ADB5-627AEB80A0BF}.Release|Any CPU.ActiveCfg = Release|Any CPU
		{B795C7BF-A34E-45AD-ADB5-627AEB80A0BF}.Release|Any CPU.Build.0 = Release|Any CPU
		{B795C7BF-A34E-45AD-ADB5-627AEB80A0BF}.Release|x64.ActiveCfg = Release|Any CPU
		{B795C7BF-A34E-45AD-ADB5-627AEB80A0BF}.Release|x64.Build.0 = Release|Any CPU
		{B795C7BF-A34E-45AD-ADB5-627AEB80A0BF}.Release|x86.ActiveCfg = Release|Any CPU
		{B795C7BF-A34E-45AD-ADB5-627AEB80A0BF}.Release|x86.Build.0 = Release|Any CPU
		{30E41A5E-2AA9-4A9A-80F4-D87E0FB46380}.Debug|Any CPU.ActiveCfg = Debug|Any CPU
		{30E41A5E-2AA9-4A9A-80F4-D87E0FB46380}.Debug|Any CPU.Build.0 = Debug|Any CPU
		{30E41A5E-2AA9-4A9A-80F4-D87E0FB46380}.Debug|x64.ActiveCfg = Debug|Any CPU
		{30E41A5E-2AA9-4A9A-80F4-D87E0FB46380}.Debug|x64.Build.0 = Debug|Any CPU
		{30E41A5E-2AA9-4A9A-80F4-D87E0FB46380}.Debug|x86.ActiveCfg = Debug|Any CPU
		{30E41A5E-2AA9-4A9A-80F4-D87E0FB46380}.Debug|x86.Build.0 = Debug|Any CPU
		{30E41A5E-2AA9-4A9A-80F4-D87E0FB46380}.Release|Any CPU.ActiveCfg = Release|Any CPU
		{30E41A5E-2AA9-4A9A-80F4-D87E0FB46380}.Release|Any CPU.Build.0 = Release|Any CPU
		{30E41A5E-2AA9-4A9A-80F4-D87E0FB46380}.Release|x64.ActiveCfg = Release|Any CPU
		{30E41A5E-2AA9-4A9A-80F4-D87E0FB46380}.Release|x64.Build.0 = Release|Any CPU
		{30E41A5E-2AA9-4A9A-80F4-D87E0FB46380}.Release|x86.ActiveCfg = Release|Any CPU
		{30E41A5E-2AA9-4A9A-80F4-D87E0FB46380}.Release|x86.Build.0 = Release|Any CPU
		{4749C63B-A12A-441C-8BD5-7E72BA300E9C}.Debug|Any CPU.ActiveCfg = Debug|Any CPU
		{4749C63B-A12A-441C-8BD5-7E72BA300E9C}.Debug|Any CPU.Build.0 = Debug|Any CPU
		{4749C63B-A12A-441C-8BD5-7E72BA300E9C}.Debug|x64.ActiveCfg = Debug|Any CPU
		{4749C63B-A12A-441C-8BD5-7E72BA300E9C}.Debug|x64.Build.0 = Debug|Any CPU
		{4749C63B-A12A-441C-8BD5-7E72BA300E9C}.Debug|x86.ActiveCfg = Debug|Any CPU
		{4749C63B-A12A-441C-8BD5-7E72BA300E9C}.Debug|x86.Build.0 = Debug|Any CPU
		{4749C63B-A12A-441C-8BD5-7E72BA300E9C}.Release|Any CPU.ActiveCfg = Release|Any CPU
		{4749C63B-A12A-441C-8BD5-7E72BA300E9C}.Release|Any CPU.Build.0 = Release|Any CPU
		{4749C63B-A12A-441C-8BD5-7E72BA300E9C}.Release|x64.ActiveCfg = Release|Any CPU
		{4749C63B-A12A-441C-8BD5-7E72BA300E9C}.Release|x64.Build.0 = Release|Any CPU
		{4749C63B-A12A-441C-8BD5-7E72BA300E9C}.Release|x86.ActiveCfg = Release|Any CPU
		{4749C63B-A12A-441C-8BD5-7E72BA300E9C}.Release|x86.Build.0 = Release|Any CPU
		{552582C7-1879-45D3-A1DF-914FE55A812D}.Debug|Any CPU.ActiveCfg = Debug|Any CPU
		{552582C7-1879-45D3-A1DF-914FE55A812D}.Debug|Any CPU.Build.0 = Debug|Any CPU
		{552582C7-1879-45D3-A1DF-914FE55A812D}.Debug|x64.ActiveCfg = Debug|Any CPU
		{552582C7-1879-45D3-A1DF-914FE55A812D}.Debug|x64.Build.0 = Debug|Any CPU
		{552582C7-1879-45D3-A1DF-914FE55A812D}.Debug|x86.ActiveCfg = Debug|Any CPU
		{552582C7-1879-45D3-A1DF-914FE55A812D}.Debug|x86.Build.0 = Debug|Any CPU
		{552582C7-1879-45D3-A1DF-914FE55A812D}.Release|Any CPU.ActiveCfg = Release|Any CPU
		{552582C7-1879-45D3-A1DF-914FE55A812D}.Release|Any CPU.Build.0 = Release|Any CPU
		{552582C7-1879-45D3-A1DF-914FE55A812D}.Release|x64.ActiveCfg = Release|Any CPU
		{552582C7-1879-45D3-A1DF-914FE55A812D}.Release|x64.Build.0 = Release|Any CPU
		{552582C7-1879-45D3-A1DF-914FE55A812D}.Release|x86.ActiveCfg = Release|Any CPU
		{552582C7-1879-45D3-A1DF-914FE55A812D}.Release|x86.Build.0 = Release|Any CPU
		{E1011EE4-A025-4270-9DAF-21985299C4FC}.Debug|Any CPU.ActiveCfg = Debug|Any CPU
		{E1011EE4-A025-4270-9DAF-21985299C4FC}.Debug|Any CPU.Build.0 = Debug|Any CPU
		{E1011EE4-A025-4270-9DAF-21985299C4FC}.Debug|x64.ActiveCfg = Debug|Any CPU
		{E1011EE4-A025-4270-9DAF-21985299C4FC}.Debug|x64.Build.0 = Debug|Any CPU
		{E1011EE4-A025-4270-9DAF-21985299C4FC}.Debug|x86.ActiveCfg = Debug|Any CPU
		{E1011EE4-A025-4270-9DAF-21985299C4FC}.Debug|x86.Build.0 = Debug|Any CPU
		{E1011EE4-A025-4270-9DAF-21985299C4FC}.Release|Any CPU.ActiveCfg = Release|Any CPU
		{E1011EE4-A025-4270-9DAF-21985299C4FC}.Release|Any CPU.Build.0 = Release|Any CPU
		{E1011EE4-A025-4270-9DAF-21985299C4FC}.Release|x64.ActiveCfg = Release|Any CPU
		{E1011EE4-A025-4270-9DAF-21985299C4FC}.Release|x64.Build.0 = Release|Any CPU
		{E1011EE4-A025-4270-9DAF-21985299C4FC}.Release|x86.ActiveCfg = Release|Any CPU
		{E1011EE4-A025-4270-9DAF-21985299C4FC}.Release|x86.Build.0 = Release|Any CPU
		{485D2D7E-767C-4625-A006-0782FDCFAC7E}.Debug|Any CPU.ActiveCfg = Debug|Any CPU
		{485D2D7E-767C-4625-A006-0782FDCFAC7E}.Debug|Any CPU.Build.0 = Debug|Any CPU
		{485D2D7E-767C-4625-A006-0782FDCFAC7E}.Debug|x64.ActiveCfg = Debug|Any CPU
		{485D2D7E-767C-4625-A006-0782FDCFAC7E}.Debug|x64.Build.0 = Debug|Any CPU
		{485D2D7E-767C-4625-A006-0782FDCFAC7E}.Debug|x86.ActiveCfg = Debug|Any CPU
		{485D2D7E-767C-4625-A006-0782FDCFAC7E}.Debug|x86.Build.0 = Debug|Any CPU
		{485D2D7E-767C-4625-A006-0782FDCFAC7E}.Release|Any CPU.ActiveCfg = Release|Any CPU
		{485D2D7E-767C-4625-A006-0782FDCFAC7E}.Release|Any CPU.Build.0 = Release|Any CPU
		{485D2D7E-767C-4625-A006-0782FDCFAC7E}.Release|x64.ActiveCfg = Release|Any CPU
		{485D2D7E-767C-4625-A006-0782FDCFAC7E}.Release|x64.Build.0 = Release|Any CPU
		{485D2D7E-767C-4625-A006-0782FDCFAC7E}.Release|x86.ActiveCfg = Release|Any CPU
		{485D2D7E-767C-4625-A006-0782FDCFAC7E}.Release|x86.Build.0 = Release|Any CPU
		{D809E14B-D8EA-4F60-8B44-6C2063C1C3CB}.Debug|Any CPU.ActiveCfg = Debug|Any CPU
		{D809E14B-D8EA-4F60-8B44-6C2063C1C3CB}.Debug|Any CPU.Build.0 = Debug|Any CPU
		{D809E14B-D8EA-4F60-8B44-6C2063C1C3CB}.Debug|x64.ActiveCfg = Debug|Any CPU
		{D809E14B-D8EA-4F60-8B44-6C2063C1C3CB}.Debug|x64.Build.0 = Debug|Any CPU
		{D809E14B-D8EA-4F60-8B44-6C2063C1C3CB}.Debug|x86.ActiveCfg = Debug|Any CPU
		{D809E14B-D8EA-4F60-8B44-6C2063C1C3CB}.Debug|x86.Build.0 = Debug|Any CPU
		{D809E14B-D8EA-4F60-8B44-6C2063C1C3CB}.Release|Any CPU.ActiveCfg = Release|Any CPU
		{D809E14B-D8EA-4F60-8B44-6C2063C1C3CB}.Release|Any CPU.Build.0 = Release|Any CPU
		{D809E14B-D8EA-4F60-8B44-6C2063C1C3CB}.Release|x64.ActiveCfg = Release|Any CPU
		{D809E14B-D8EA-4F60-8B44-6C2063C1C3CB}.Release|x64.Build.0 = Release|Any CPU
		{D809E14B-D8EA-4F60-8B44-6C2063C1C3CB}.Release|x86.ActiveCfg = Release|Any CPU
		{D809E14B-D8EA-4F60-8B44-6C2063C1C3CB}.Release|x86.Build.0 = Release|Any CPU
		{E3329057-EE90-43CB-B8DA-3A70C62C884C}.Debug|Any CPU.ActiveCfg = Debug|Any CPU
		{E3329057-EE90-43CB-B8DA-3A70C62C884C}.Debug|Any CPU.Build.0 = Debug|Any CPU
		{E3329057-EE90-43CB-B8DA-3A70C62C884C}.Debug|x64.ActiveCfg = Debug|Any CPU
		{E3329057-EE90-43CB-B8DA-3A70C62C884C}.Debug|x64.Build.0 = Debug|Any CPU
		{E3329057-EE90-43CB-B8DA-3A70C62C884C}.Debug|x86.ActiveCfg = Debug|Any CPU
		{E3329057-EE90-43CB-B8DA-3A70C62C884C}.Debug|x86.Build.0 = Debug|Any CPU
		{E3329057-EE90-43CB-B8DA-3A70C62C884C}.Release|Any CPU.ActiveCfg = Release|Any CPU
		{E3329057-EE90-43CB-B8DA-3A70C62C884C}.Release|Any CPU.Build.0 = Release|Any CPU
		{E3329057-EE90-43CB-B8DA-3A70C62C884C}.Release|x64.ActiveCfg = Release|Any CPU
		{E3329057-EE90-43CB-B8DA-3A70C62C884C}.Release|x64.Build.0 = Release|Any CPU
		{E3329057-EE90-43CB-B8DA-3A70C62C884C}.Release|x86.ActiveCfg = Release|Any CPU
		{E3329057-EE90-43CB-B8DA-3A70C62C884C}.Release|x86.Build.0 = Release|Any CPU
	EndGlobalSection
	GlobalSection(SolutionProperties) = preSolution
		HideSolutionNode = FALSE
	EndGlobalSection
	GlobalSection(NestedProjects) = preSolution
		{FF8827E1-9ACE-465B-837D-A115E3AEA4E9} = {DF173627-ACA5-12FD-23F9-235B83D7F89A}
		{8EA0DDA3-CC01-4D54-9DF1-BC482545D583} = {90C0C08D-8EBE-550D-E0B5-AEEA9C22D46E}
		{5E5E6020-47EC-4F74-B346-DB6DA3177FAB} = {296032B5-9ABF-E3B8-7628-92A72283A574}
		{A2D404EC-399D-4DAA-BF45-3403CDDDB35C} = {323CD3D6-9173-0722-1A84-D17C70DFCCFA}
		{4C552A98-B0AE-472C-AD13-B9B1A13C48C1} = {8D732E59-9706-F40E-D1C7-3FD034A8AA7D}
		{6BFB9534-5AB7-429B-BD48-478BB269E227} = {8D732E59-9706-F40E-D1C7-3FD034A8AA7D}
		{639DDBD9-4E65-44D0-BCC4-E39A98358F30} = {E89A2F7A-0448-E749-C7CF-65632820F9C1}
		{CF6EB2CF-4C6E-4ED4-8F7B-CC6CBFF1D5A4} = {E89A2F7A-0448-E749-C7CF-65632820F9C1}
		{B795C7BF-A34E-45AD-ADB5-627AEB80A0BF} = {2C9E502E-D04B-3D3D-DCF5-AD1D46DACA15}
		{30E41A5E-2AA9-4A9A-80F4-D87E0FB46380} = {2C9E502E-D04B-3D3D-DCF5-AD1D46DACA15}
		{4749C63B-A12A-441C-8BD5-7E72BA300E9C} = {D15183F9-8454-3CEF-DAF8-582F5215D342}
		{552582C7-1879-45D3-A1DF-914FE55A812D} = {D15183F9-8454-3CEF-DAF8-582F5215D342}
		{E1011EE4-A025-4270-9DAF-21985299C4FC} = {362B53DA-4DF9-E3E9-0B35-1FDA6110D520}
		{485D2D7E-767C-4625-A006-0782FDCFAC7E} = {362B53DA-4DF9-E3E9-0B35-1FDA6110D520}
		{D809E14B-D8EA-4F60-8B44-6C2063C1C3CB} = {43248F13-1DCA-5F22-26C1-D82CF8A76A70}
		{E3329057-EE90-43CB-B8DA-3A70C62C884C} = {43248F13-1DCA-5F22-26C1-D82CF8A76A70}
	EndGlobalSection
EndGlobal
